// !$*UTF8*$!
{
	archiveVersion = 1;
	classes = {
	};
	objectVersion = 50;
	objects = {

/* Begin PBXBuildFile section */
		073E29B7E90F13F338F91663 /* libcangjie-std-runtime.dylib in Frameworks */ = {isa = PBXBuildFile; fileRef = 3BF976FD5CA908CDB5F370D2 /* libcangjie-std-runtime.dylib */; };
		0810ADDB264B7FF7E2B0F84A /* libohos.window.dylib in Embed Libraries */ = {isa = PBXBuildFile; fileRef = D413A0923E97955323AA03AC /* libohos.window.dylib */; settings = {ATTRIBUTES = (CodeSignOnCopy, RemoveHeadersOnCopy, ); }; };
		09525BFC9E40B9F5ED85D657 /* libohos.hi_tracemeter.dylib in Frameworks */ = {isa = PBXBuildFile; fileRef = BDB2ADB123808F5DCB2B56F4 /* libohos.hi_tracemeter.dylib */; };
		09968D9F4F2185C605568A07 /* libohos.webview.dylib in Frameworks */ = {isa = PBXBuildFile; fileRef = 43BA410B356010665A2A7CD6 /* libohos.webview.dylib */; };
		0B9278715CFEC6A845276358 /* libcangjie-std-sync.dylib in Embed Libraries */ = {isa = PBXBuildFile; fileRef = 1FF8CAC160B7C33130528668 /* libcangjie-std-sync.dylib */; settings = {ATTRIBUTES = (CodeSignOnCopy, RemoveHeadersOnCopy, ); }; };
		0EDF4E7238035647492651BE /* libcangjie-std-collection.concurrent.dylib in Embed Libraries */ = {isa = PBXBuildFile; fileRef = 6BB20043E419A8830A9714C5 /* libcangjie-std-collection.concurrent.dylib */; settings = {ATTRIBUTES = (CodeSignOnCopy, RemoveHeadersOnCopy, ); }; };
		0F724033F34E82974608F0D2 /* libcangjie-std-overflow.dylib in Frameworks */ = {isa = PBXBuildFile; fileRef = AF3EF40E0FF45874A03E0B1E /* libcangjie-std-overflow.dylib */; };
		13B9F2CBC66FF862CB2465A9 /* libcangjie-std-fs.dylib in Embed Libraries */ = {isa = PBXBuildFile; fileRef = F5DCB05F268B34284A2BFB79 /* libcangjie-std-fs.dylib */; settings = {ATTRIBUTES = (CodeSignOnCopy, RemoveHeadersOnCopy, ); }; };
		19B3247DB80C1CA6C1B9D55C /* libnet_connection.dylib in Frameworks */ = {isa = PBXBuildFile; fileRef = D84D6C6DBD575EDE787DC851 /* libnet_connection.dylib */; };
		1A04274454007FC967202177 /* libohos.ui_resource.dylib in Frameworks */ = {isa = PBXBuildFile; fileRef = 1980DFC6D79DF4B3726B86B6 /* libohos.ui_resource.dylib */; };
		1AEA67CB8C2F12C8E0B295EA /* libcangjie-std-process.dylib in Embed Libraries */ = {isa = PBXBuildFile; fileRef = 43C4F8462DC569CC64D3624A /* libcangjie-std-process.dylib */; settings = {ATTRIBUTES = (CodeSignOnCopy, RemoveHeadersOnCopy, ); }; };
		1B11FF9E2916C261184BE091 /* libcjmp.ffi.dylib in Embed Libraries */ = {isa = PBXBuildFile; fileRef = AADD80435D4883EFD5B1BE8E /* libcjmp.ffi.dylib */; settings = {ATTRIBUTES = (CodeSignOnCopy, RemoveHeadersOnCopy, ); }; };
		1C34B1FAA9146DE5A71D5642 /* libcangjie-std-unittest.mock.dylib in Frameworks */ = {isa = PBXBuildFile; fileRef = C60BAFA4600BDAF3BE6CDE75 /* libcangjie-std-unittest.mock.dylib */; };
		1C86C1D4A93EE4D28A3ED272 /* libcangjie-std-argopt.dylib in Frameworks */ = {isa = PBXBuildFile; fileRef = A31A52E365E5CA391CA10C4A /* libcangjie-std-argopt.dylib */; };
		2661EE2393D6AAD4EB3D004F /* libcangjie-std-net.dylib in Frameworks */ = {isa = PBXBuildFile; fileRef = 8C1E69D22350B5421D48A06F /* libcangjie-std-net.dylib */; };
		26FEA5CD82227E016D3B8BE2 /* libcangjie-std-sort.dylib in Frameworks */ = {isa = PBXBuildFile; fileRef = ADAA98D099BB97F1A78550E5 /* libcangjie-std-sort.dylib */; };
		27536A57066D0F5A36550022 /* libohos.resource_manager.dylib in Embed Libraries */ = {isa = PBXBuildFile; fileRef = 6997DEC1D582347F0BFBBF1B /* libohos.resource_manager.dylib */; settings = {ATTRIBUTES = (CodeSignOnCopy, RemoveHeadersOnCopy, ); }; };
		2C8BF2ED100793F0E3266FF9 /* libohos.eventhub.dylib in Frameworks */ = {isa = PBXBuildFile; fileRef = BA1E86341300F2561FFE6509 /* libohos.eventhub.dylib */; };
		2DA51195015F26FFD22E97F7 /* libpcre2-8.0.dylib in Embed Libraries */ = {isa = PBXBuildFile; fileRef = 1219E4ECF0BA3ECE19D7C594 /* libpcre2-8.0.dylib */; settings = {ATTRIBUTES = (CodeSignOnCopy, RemoveHeadersOnCopy, ); }; };
		2EE35913E85C454507062966 /* libohos.rpc.dylib in Embed Libraries */ = {isa = PBXBuildFile; fileRef = AE76C8C238E43AE1052FE516 /* libohos.rpc.dylib */; settings = {ATTRIBUTES = (CodeSignOnCopy, RemoveHeadersOnCopy, ); }; };
		3130C0A4AA150A24D47F2384 /* libcangjie-std-binary.dylib in Embed Libraries */ = {isa = PBXBuildFile; fileRef = 8F5D87C1AC17E27B207A9E8A /* libcangjie-std-binary.dylib */; settings = {ATTRIBUTES = (CodeSignOnCopy, RemoveHeadersOnCopy, ); }; };
		336836A703E74447C61B9116 /* libcangjie-std-io.dylib in Frameworks */ = {isa = PBXBuildFile; fileRef = F3C373424A4FBD9440A3DF09 /* libcangjie-std-io.dylib */; };
		35F3A55EF5D700692F5D2E1F /* libjnicjmp.dylib in Embed Libraries */ = {isa = PBXBuildFile; fileRef = DA9FC61A0E878BD241D9D13C /* libjnicjmp.dylib */; settings = {ATTRIBUTES = (CodeSignOnCopy, RemoveHeadersOnCopy, ); }; };
		3600404AEE4A7536FC589D2C /* libcangjie-std-runtime.dylib in Embed Libraries */ = {isa = PBXBuildFile; fileRef = 3BF976FD5CA908CDB5F370D2 /* libcangjie-std-runtime.dylib */; settings = {ATTRIBUTES = (CodeSignOnCopy, RemoveHeadersOnCopy, ); }; };
		3B3CC0EC55342B130FD4C33C /* libcjmp.labels.dylib in Frameworks */ = {isa = PBXBuildFile; fileRef = 420D098891B608F1F514E3FC /* libcjmp.labels.dylib */; };
		3C8D0FA587E43BD72F95B5DC /* Foundation.framework in Frameworks */ = {isa = PBXBuildFile; fileRef = E266953D82C727040677E79F /* Foundation.framework */; };
		3E945BAE2E12513100176E58 /* keels in Resources */ = {isa = PBXBuildFile; fileRef = 3E945BAD2E12513100176E58 /* keels */; };
		4008BCFC1DDB779F535AFAE2 /* libohos.ui_test.dylib in Embed Libraries */ = {isa = PBXBuildFile; fileRef = 67AAA51AAAC165004E97FA56 /* libohos.ui_test.dylib */; settings = {ATTRIBUTES = (CodeSignOnCopy, RemoveHeadersOnCopy, ); }; };
		426941900BCEABA4D5918DF0 /* XCTest.framework in Frameworks */ = {isa = PBXBuildFile; fileRef = 08726B4958031FA64497769A /* XCTest.framework */; };
		487D0C51DA4FA97FE104D595 /* libkeels_ios.framework in Frameworks */ = {isa = PBXBuildFile; fileRef = 17251B8A96662E37F57C7951 /* libkeels_ios.framework */; };
		4AAED46F3BC1BD957BC22377 /* libcangjie-std-argopt.dylib in Embed Libraries */ = {isa = PBXBuildFile; fileRef = A31A52E365E5CA391CA10C4A /* libcangjie-std-argopt.dylib */; settings = {ATTRIBUTES = (CodeSignOnCopy, RemoveHeadersOnCopy, ); }; };
		4B9D30BA588183B58F642F46 /* libcjmp.labels.dylib in Embed Libraries */ = {isa = PBXBuildFile; fileRef = 420D098891B608F1F514E3FC /* libcjmp.labels.dylib */; settings = {ATTRIBUTES = (CodeSignOnCopy, RemoveHeadersOnCopy, ); }; };
		50BA9801D4C1720CF1B75C59 /* libohos_app_cangjie_entry.dylib in Frameworks */ = {isa = PBXBuildFile; fileRef = 58980B1DB7770D14719C35F0 /* libohos_app_cangjie_entry.dylib */; };
		50C05CA5FBD7437F5B154507 /* libcangjie-std-unittest.diff.dylib in Frameworks */ = {isa = PBXBuildFile; fileRef = 752F92DE0BB8F7D478093F75 /* libcangjie-std-unittest.diff.dylib */; };
		527B7AEB62C1BFE365051438 /* libcangjie-std-math.dylib in Frameworks */ = {isa = PBXBuildFile; fileRef = 89E5947D454B4A7B0F739083 /* libcangjie-std-math.dylib */; };
		538CCA376794A414038F8F8C /* libcjmp.hilog.dylib in Frameworks */ = {isa = PBXBuildFile; fileRef = 4D44520BBD4BE6D824DAA813 /* libcjmp.hilog.dylib */; };
		55D825D862E1B95A33BF224D /* libohos.hilog.dylib in Frameworks */ = {isa = PBXBuildFile; fileRef = 204CB5A1CA75E646D1F7EFD0 /* libohos.hilog.dylib */; };
		55E12CA98D055604C613186B /* libcangjie-std-time.dylib in Frameworks */ = {isa = PBXBuildFile; fileRef = C511968AF04177C8921A4ED6 /* libcangjie-std-time.dylib */; };
		57761860B8C53676F53F02CB /* libcjmp.net.connection.dylib in Frameworks */ = {isa = PBXBuildFile; fileRef = C0FBEE979A6535F6C7DDB876 /* libcjmp.net.connection.dylib */; };
		58E1E36473F6B880DC833504 /* libcangjie-std-core.dylib in Embed Libraries */ = {isa = PBXBuildFile; fileRef = 6926F23079D6F6FBD4935547 /* libcangjie-std-core.dylib */; settings = {ATTRIBUTES = (CodeSignOnCopy, RemoveHeadersOnCopy, ); }; };
		5A414A9ADBBEA202097EA69C /* libcangjie-std-unittest.mock.dylib in Embed Libraries */ = {isa = PBXBuildFile; fileRef = C60BAFA4600BDAF3BE6CDE75 /* libcangjie-std-unittest.mock.dylib */; settings = {ATTRIBUTES = (CodeSignOnCopy, RemoveHeadersOnCopy, ); }; };
		5B02C3414AAC10C106BD17F5 /* libcangjie-std-env.dylib in Embed Libraries */ = {isa = PBXBuildFile; fileRef = 30B69DF5D80515F07F3C7E65 /* libcangjie-std-env.dylib */; settings = {ATTRIBUTES = (CodeSignOnCopy, RemoveHeadersOnCopy, ); }; };
		5BE8930487713532BB732CCB /* libohos.ui_test.dylib in Frameworks */ = {isa = PBXBuildFile; fileRef = 67AAA51AAAC165004E97FA56 /* libohos.ui_test.dylib */; };
		5EFECD9A2D41138549C43DC9 /* libcangjie-std-convert.dylib in Embed Libraries */ = {isa = PBXBuildFile; fileRef = D0A5E56986AC344F2498FAB1 /* libcangjie-std-convert.dylib */; settings = {ATTRIBUTES = (CodeSignOnCopy, RemoveHeadersOnCopy, ); }; };
		5FAC1ECF690A1B725E5954EA /* libohos.rpc.dylib in Frameworks */ = {isa = PBXBuildFile; fileRef = AE76C8C238E43AE1052FE516 /* libohos.rpc.dylib */; };
		5FE20DE3B4FA02DF1A0E66A2 /* libohos.base.dylib in Frameworks */ = {isa = PBXBuildFile; fileRef = 621C9CF8573CD631C78B83EF /* libohos.base.dylib */; };
		62CFB83EEC4E220D364E3C1F /* libohos.ffi.dylib in Frameworks */ = {isa = PBXBuildFile; fileRef = EC15962BAC0B0212DDB62F6F /* libohos.ffi.dylib */; };
		6394AFF8E0553D2FD3AAA28E /* libcjmp.net.connection.dylib in Embed Libraries */ = {isa = PBXBuildFile; fileRef = C0FBEE979A6535F6C7DDB876 /* libcjmp.net.connection.dylib */; settings = {ATTRIBUTES = (CodeSignOnCopy, RemoveHeadersOnCopy, ); }; };
		64110DBC2A3784691A650667 /* libcangjie-std-collection.dylib in Frameworks */ = {isa = PBXBuildFile; fileRef = 8FC44169EB0D6AC1E7FEF223 /* libcangjie-std-collection.dylib */; };
		6A6AE655A0D35C5A5A96C570 /* libcangjie-std-core.dylib in Frameworks */ = {isa = PBXBuildFile; fileRef = 6926F23079D6F6FBD4935547 /* libcangjie-std-core.dylib */; };
		6C4BE5EAC58F6AAD28AD5020 /* libcangjie-runtime.dylib in Embed Libraries */ = {isa = PBXBuildFile; fileRef = E0446C1DB11D79D4FB02FAAD /* libcangjie-runtime.dylib */; settings = {ATTRIBUTES = (CodeSignOnCopy, RemoveHeadersOnCopy, ); }; };
		6C717FC8455AE55086097C93 /* libohos.image.dylib in Frameworks */ = {isa = PBXBuildFile; fileRef = 8B57AFA3854837F13A0C0A95 /* libohos.image.dylib */; };
		725AA253540F74E81E619E00 /* libcommon.dylib in Embed Libraries */ = {isa = PBXBuildFile; fileRef = 110FEED16F405856E7DB86C4 /* libcommon.dylib */; settings = {ATTRIBUTES = (CodeSignOnCopy, RemoveHeadersOnCopy, ); }; };
		740AACCD6B2D4A62AD2E963C /* libtdjson.dylib in Embed Libraries */ = {isa = PBXBuildFile; fileRef = DD6F490799264F01A7D73425 /* libtdjson.dylib */; settings = {ATTRIBUTES = (CodeSignOnCopy, RemoveHeadersOnCopy, ); }; };
		757B6BB112C9140C764BF799 /* libohos.web.net_error_list.dylib in Frameworks */ = {isa = PBXBuildFile; fileRef = 83BCD45633081C8791E7E0AB /* libohos.web.net_error_list.dylib */; };
		788A99FDE3044475BE776E80 /* libnet_connection.dylib in Embed Libraries */ = {isa = PBXBuildFile; fileRef = D84D6C6DBD575EDE787DC851 /* libnet_connection.dylib */; settings = {ATTRIBUTES = (CodeSignOnCopy, RemoveHeadersOnCopy, ); }; };
		78A9FC24CC83A166A7D23E69 /* libcangjie-std-unittest.mock.internal.dylib in Frameworks */ = {isa = PBXBuildFile; fileRef = 831AF83A367C2C987BA5E03F /* libcangjie-std-unittest.mock.internal.dylib */; };
		7A32BF125010A84D66A6F632 /* libpcre2-8.0.dylib in Frameworks */ = {isa = PBXBuildFile; fileRef = 1219E4ECF0BA3ECE19D7C594 /* libpcre2-8.0.dylib */; };
		7AC6BA75857356ACC18B6FEA /* libcangjie-std-random.dylib in Embed Libraries */ = {isa = PBXBuildFile; fileRef = 8D96264DBE61DCD26D4A5A06 /* libcangjie-std-random.dylib */; settings = {ATTRIBUTES = (CodeSignOnCopy, RemoveHeadersOnCopy, ); }; };
		7ACB54B637F075C361F3E1D8 /* libohos.eventhub.dylib in Embed Libraries */ = {isa = PBXBuildFile; fileRef = BA1E86341300F2561FFE6509 /* libohos.eventhub.dylib */; settings = {ATTRIBUTES = (CodeSignOnCopy, RemoveHeadersOnCopy, ); }; };
		81EFBC6953478B739E8615E1 /* libuitest.dylib in Frameworks */ = {isa = PBXBuildFile; fileRef = 462C5129558CDAD565613E34 /* libuitest.dylib */; };
		82457C8AE3CA17E09695C59A /* libcjmp.hilog.dylib in Embed Libraries */ = {isa = PBXBuildFile; fileRef = 4D44520BBD4BE6D824DAA813 /* libcjmp.hilog.dylib */; settings = {ATTRIBUTES = (CodeSignOnCopy, RemoveHeadersOnCopy, ); }; };
		83AAC219D921E444831302ED /* libohos.matrix4.dylib in Embed Libraries */ = {isa = PBXBuildFile; fileRef = FD5E5F7B8215A5A30A7B54AE /* libohos.matrix4.dylib */; settings = {ATTRIBUTES = (CodeSignOnCopy, RemoveHeadersOnCopy, ); }; };
		85C9297F06DD2186C7A29F39 /* libohos.labels.dylib in Embed Libraries */ = {isa = PBXBuildFile; fileRef = 7EF2D71AFE5A3A71C68D9789 /* libohos.labels.dylib */; settings = {ATTRIBUTES = (CodeSignOnCopy, RemoveHeadersOnCopy, ); }; };
		85E32F0946E7EF018E6B934D /* libcangjie-std-net.dylib in Embed Libraries */ = {isa = PBXBuildFile; fileRef = 8C1E69D22350B5421D48A06F /* libcangjie-std-net.dylib */; settings = {ATTRIBUTES = (CodeSignOnCopy, RemoveHeadersOnCopy, ); }; };
		87C2F8F4E9267D392CAA4788 /* libcangjie-std-random.dylib in Frameworks */ = {isa = PBXBuildFile; fileRef = 8D96264DBE61DCD26D4A5A06 /* libcangjie-std-random.dylib */; };
		89E41E4529F505070004F33E /* EntryEntryAbilityViewController.m in Sources */ = {isa = PBXBuildFile; fileRef = 89E41E4329F505070004F33E /* EntryEntryAbilityViewController.m */; };
		8CD5434A1EBD50C587DF624E /* libcangjie-std-unittest.common.dylib in Embed Libraries */ = {isa = PBXBuildFile; fileRef = 930ABB9148A11A7F742008A7 /* libcangjie-std-unittest.common.dylib */; settings = {ATTRIBUTES = (CodeSignOnCopy, RemoveHeadersOnCopy, ); }; };
		8E157E0915C76DEA3B89624F /* libcangjie-std-fs.dylib in Frameworks */ = {isa = PBXBuildFile; fileRef = F5DCB05F268B34284A2BFB79 /* libcangjie-std-fs.dylib */; };
		90777D946DD07CABB1E54047 /* libcangjie-std-unicode.dylib in Frameworks */ = {isa = PBXBuildFile; fileRef = 22979103D423FB9E11FA73C8 /* libcangjie-std-unicode.dylib */; };
		91FDBFE4939A54CE74319772 /* CjmpUITests.swift in Sources */ = {isa = PBXBuildFile; fileRef = 7C7A8FA1841C5B987731713A /* CjmpUITests.swift */; };
		9310FCD8F8FA7426E18E063A /* libohos.ability.dylib in Embed Libraries */ = {isa = PBXBuildFile; fileRef = D082978A616F910E4099F17C /* libohos.ability.dylib */; settings = {ATTRIBUTES = (CodeSignOnCopy, RemoveHeadersOnCopy, ); }; };
		93DC12A71B2C9FD93E7CEA16 /* libkeels_ios.framework in Embed Libraries */ = {isa = PBXBuildFile; fileRef = 17251B8A96662E37F57C7951 /* libkeels_ios.framework */; settings = {ATTRIBUTES = (CodeSignOnCopy, RemoveHeadersOnCopy, ); }; };
		9A8E949BC7A7034BCA4CD145 /* libcangjie-std-collection.concurrent.dylib in Frameworks */ = {isa = PBXBuildFile; fileRef = 6BB20043E419A8830A9714C5 /* libcangjie-std-collection.concurrent.dylib */; };
		9FC8385211B8F005362BED8F /* libcangjie-std-io.dylib in Embed Libraries */ = {isa = PBXBuildFile; fileRef = F3C373424A4FBD9440A3DF09 /* libcangjie-std-io.dylib */; settings = {ATTRIBUTES = (CodeSignOnCopy, RemoveHeadersOnCopy, ); }; };
		A006C110DD155AD04ADC8D29 /* libcangjie-std-overflow.dylib in Embed Libraries */ = {isa = PBXBuildFile; fileRef = AF3EF40E0FF45874A03E0B1E /* libcangjie-std-overflow.dylib */; settings = {ATTRIBUTES = (CodeSignOnCopy, RemoveHeadersOnCopy, ); }; };
		A447C83FFE57BEB34149C498 /* libohos.web.net_error_list.dylib in Embed Libraries */ = {isa = PBXBuildFile; fileRef = 83BCD45633081C8791E7E0AB /* libohos.web.net_error_list.dylib */; settings = {ATTRIBUTES = (CodeSignOnCopy, RemoveHeadersOnCopy, ); }; };
		A48AD2DA28EE3D53709B2350 /* libcjmp.callback_invoke.dylib in Embed Libraries */ = {isa = PBXBuildFile; fileRef = 82FF3E6DED3A6B03444A0AA9 /* libcjmp.callback_invoke.dylib */; settings = {ATTRIBUTES = (CodeSignOnCopy, RemoveHeadersOnCopy, ); }; };
		AB9E69E1A0A2D4F67B58A25C /* libohos_app_cangjie_entry.dylib in Embed Libraries */ = {isa = PBXBuildFile; fileRef = 58980B1DB7770D14719C35F0 /* libohos_app_cangjie_entry.dylib */; settings = {ATTRIBUTES = (CodeSignOnCopy, RemoveHeadersOnCopy, ); }; };
		ABB02C83BD871BFD3FB33602 /* libcangjie-std-regex.dylib in Embed Libraries */ = {isa = PBXBuildFile; fileRef = 4C4BF97D76D12BE8BA6BF3A5 /* libcangjie-std-regex.dylib */; settings = {ATTRIBUTES = (CodeSignOnCopy, RemoveHeadersOnCopy, ); }; };
		AE6DB9DC11F5B7F4B568FFA4 /* libcommon.dylib in Frameworks */ = {isa = PBXBuildFile; fileRef = 110FEED16F405856E7DB86C4 /* libcommon.dylib */; };
		AE8818E5B73FB812910D46DC /* libcangjie-std-unittest.mock.internal.dylib in Embed Libraries */ = {isa = PBXBuildFile; fileRef = 831AF83A367C2C987BA5E03F /* libcangjie-std-unittest.mock.internal.dylib */; settings = {ATTRIBUTES = (CodeSignOnCopy, RemoveHeadersOnCopy, ); }; };
		AEA3AA4C77F0E7DFAA5C8BB1 /* libuitest.dylib in Embed Libraries */ = {isa = PBXBuildFile; fileRef = 462C5129558CDAD565613E34 /* libuitest.dylib */; settings = {ATTRIBUTES = (CodeSignOnCopy, RemoveHeadersOnCopy, ); }; };
		B0D5E55D7B960F3A0DD57BD2 /* libcangjie-std-env.dylib in Frameworks */ = {isa = PBXBuildFile; fileRef = 30B69DF5D80515F07F3C7E65 /* libcangjie-std-env.dylib */; };
		B5266CE7D01EE04C3FE3A48C /* libcangjie-std-collection.dylib in Embed Libraries */ = {isa = PBXBuildFile; fileRef = 8FC44169EB0D6AC1E7FEF223 /* libcangjie-std-collection.dylib */; settings = {ATTRIBUTES = (CodeSignOnCopy, RemoveHeadersOnCopy, ); }; };
		B54047D5026B262EF4D3A064 /* libohos.encoding.json.dylib in Frameworks */ = {isa = PBXBuildFile; fileRef = 4C1150B4DD873637299D276F /* libohos.encoding.json.dylib */; };
		B7566E6E375447C5DB938814 /* libohos.matrix4.dylib in Frameworks */ = {isa = PBXBuildFile; fileRef = FD5E5F7B8215A5A30A7B54AE /* libohos.matrix4.dylib */; };
		B829D6ABB684EEA22253E469 /* libohos.hi_tracemeter.dylib in Embed Libraries */ = {isa = PBXBuildFile; fileRef = BDB2ADB123808F5DCB2B56F4 /* libohos.hi_tracemeter.dylib */; settings = {ATTRIBUTES = (CodeSignOnCopy, RemoveHeadersOnCopy, ); }; };
		B8408505EB59848DE2B90E51 /* libcjmp.callback_invoke.dylib in Frameworks */ = {isa = PBXBuildFile; fileRef = 82FF3E6DED3A6B03444A0AA9 /* libcjmp.callback_invoke.dylib */; };
		BD2524D329583ABACE9A841F /* libohos.labels.dylib in Frameworks */ = {isa = PBXBuildFile; fileRef = 7EF2D71AFE5A3A71C68D9789 /* libohos.labels.dylib */; };
		BD4081EC0AFBD5A6CF865FFC /* libohos.component.dylib in Frameworks */ = {isa = PBXBuildFile; fileRef = 04BE7FA860196E48F889ACE6 /* libohos.component.dylib */; };
		BD7506D9909135D4EA7265B1 /* libcangjie-std-sort.dylib in Embed Libraries */ = {isa = PBXBuildFile; fileRef = ADAA98D099BB97F1A78550E5 /* libcangjie-std-sort.dylib */; settings = {ATTRIBUTES = (CodeSignOnCopy, RemoveHeadersOnCopy, ); }; };
		C018A476B6E69725651C6127 /* libcangjie-std-time.dylib in Embed Libraries */ = {isa = PBXBuildFile; fileRef = C511968AF04177C8921A4ED6 /* libcangjie-std-time.dylib */; settings = {ATTRIBUTES = (CodeSignOnCopy, RemoveHeadersOnCopy, ); }; };
		C0BCD99E00C4C2DD1BE74089 /* libohos.component.dylib in Embed Libraries */ = {isa = PBXBuildFile; fileRef = 04BE7FA860196E48F889ACE6 /* libohos.component.dylib */; settings = {ATTRIBUTES = (CodeSignOnCopy, RemoveHeadersOnCopy, ); }; };
		C144B6148E8D5E91EE582601 /* libohos.webview.dylib in Embed Libraries */ = {isa = PBXBuildFile; fileRef = 43BA410B356010665A2A7CD6 /* libohos.webview.dylib */; settings = {ATTRIBUTES = (CodeSignOnCopy, RemoveHeadersOnCopy, ); }; };
		C1E7802B79C144CB580BFDE5 /* libohos.state_manage.dylib in Embed Libraries */ = {isa = PBXBuildFile; fileRef = 21A38017C66E280D2338E0F6 /* libohos.state_manage.dylib */; settings = {ATTRIBUTES = (CodeSignOnCopy, RemoveHeadersOnCopy, ); }; };
		C239E46035EAB231EDA3ED8E /* libcangjie-std-math.dylib in Embed Libraries */ = {isa = PBXBuildFile; fileRef = 89E5947D454B4A7B0F739083 /* libcangjie-std-math.dylib */; settings = {ATTRIBUTES = (CodeSignOnCopy, RemoveHeadersOnCopy, ); }; };
		C24BA9AA50557E2D66700AA7 /* libcangjie-std-unittest.prop_test.dylib in Frameworks */ = {isa = PBXBuildFile; fileRef = 4B159748C7EFC1C473CF9B74 /* libcangjie-std-unittest.prop_test.dylib */; };
		C25593FDD402C1E0AD31E086 /* libcangjie-std-process.dylib in Frameworks */ = {isa = PBXBuildFile; fileRef = 43C4F8462DC569CC64D3624A /* libcangjie-std-process.dylib */; };
		C2D47C72D3ABB3E837462C70 /* libohos.bundle_manager.dylib in Frameworks */ = {isa = PBXBuildFile; fileRef = 86E3F86145FCDB4E1752762A /* libohos.bundle_manager.dylib */; };
		C3B46AB0DD9194E1DB896017 /* libcangjie-std-binary.dylib in Frameworks */ = {isa = PBXBuildFile; fileRef = 8F5D87C1AC17E27B207A9E8A /* libcangjie-std-binary.dylib */; };
		C3E30CD7666770CDD9B14C07 /* libohos.ability.dylib in Frameworks */ = {isa = PBXBuildFile; fileRef = D082978A616F910E4099F17C /* libohos.ability.dylib */; };
		C50F7E7BE59EF3BBA28F99EF /* libohos.image.dylib in Embed Libraries */ = {isa = PBXBuildFile; fileRef = 8B57AFA3854837F13A0C0A95 /* libohos.image.dylib */; settings = {ATTRIBUTES = (CodeSignOnCopy, RemoveHeadersOnCopy, ); }; };
		C52EFD119B13247A3F902056 /* libcjmp.business_exception.dylib in Embed Libraries */ = {isa = PBXBuildFile; fileRef = 6D8B190731FC5D6413B17437 /* libcjmp.business_exception.dylib */; settings = {ATTRIBUTES = (CodeSignOnCopy, RemoveHeadersOnCopy, ); }; };
		C5E6E41CB146BE2D74562D31 /* libhilog.dylib in Embed Libraries */ = {isa = PBXBuildFile; fileRef = 49A4CE696060608029BB7885 /* libhilog.dylib */; settings = {ATTRIBUTES = (CodeSignOnCopy, RemoveHeadersOnCopy, ); }; };
		C72FA506F2E7A4A4DA80C106 /* libohos.color_manager.dylib in Frameworks */ = {isa = PBXBuildFile; fileRef = 869E45679F5CE91E82C98CE5 /* libohos.color_manager.dylib */; };
		C8464D1A3A483DF2F4B8C29E /* libohos.state_manage.dylib in Frameworks */ = {isa = PBXBuildFile; fileRef = 21A38017C66E280D2338E0F6 /* libohos.state_manage.dylib */; };
		CB211588E96A5B294C712EDF /* libohos.hilog.dylib in Embed Libraries */ = {isa = PBXBuildFile; fileRef = 204CB5A1CA75E646D1F7EFD0 /* libohos.hilog.dylib */; settings = {ATTRIBUTES = (CodeSignOnCopy, RemoveHeadersOnCopy, ); }; };
		CC4D62D1466AE96569DB3DC8 /* libcangjie-std-sync.dylib in Frameworks */ = {isa = PBXBuildFile; fileRef = 1FF8CAC160B7C33130528668 /* libcangjie-std-sync.dylib */; };
		CD48BCE54FB38D0817569CF0 /* libcangjie-std-unittest.dylib in Frameworks */ = {isa = PBXBuildFile; fileRef = 1559F6685707ECABD6259E46 /* libcangjie-std-unittest.dylib */; };
		CEE8B3F57402FAC88A48F713 /* libcangjie-std-unicode.dylib in Embed Libraries */ = {isa = PBXBuildFile; fileRef = 22979103D423FB9E11FA73C8 /* libcangjie-std-unicode.dylib */; settings = {ATTRIBUTES = (CodeSignOnCopy, RemoveHeadersOnCopy, ); }; };
		CF029DDEEF540C3D13BCC7F2 /* libohos.router.dylib in Embed Libraries */ = {isa = PBXBuildFile; fileRef = 7247E205536C7A5BCCDC6C11 /* libohos.router.dylib */; settings = {ATTRIBUTES = (CodeSignOnCopy, RemoveHeadersOnCopy, ); }; };
		CF142F853271AA1E8EB1DC54 /* libcangjie-runtime.dylib in Frameworks */ = {isa = PBXBuildFile; fileRef = E0446C1DB11D79D4FB02FAAD /* libcangjie-runtime.dylib */; };
		D0174508038101DD984AE1C3 /* libcjmp.business_exception.dylib in Frameworks */ = {isa = PBXBuildFile; fileRef = 6D8B190731FC5D6413B17437 /* libcjmp.business_exception.dylib */; };
		D3701C10C743A3DB1AA5C056 /* libjnicjmp.dylib in Frameworks */ = {isa = PBXBuildFile; fileRef = DA9FC61A0E878BD241D9D13C /* libjnicjmp.dylib */; };
		D3DDFDAE443A8173DB67D6EC /* libohos.base.dylib in Embed Libraries */ = {isa = PBXBuildFile; fileRef = 621C9CF8573CD631C78B83EF /* libohos.base.dylib */; settings = {ATTRIBUTES = (CodeSignOnCopy, RemoveHeadersOnCopy, ); }; };
		D735573C5D662C25BD42CA6C /* libcangjie-std-unittest.common.dylib in Frameworks */ = {isa = PBXBuildFile; fileRef = 930ABB9148A11A7F742008A7 /* libcangjie-std-unittest.common.dylib */; };
		D7A46EEEE91711659105573A /* libohos.bundle_manager.dylib in Embed Libraries */ = {isa = PBXBuildFile; fileRef = 86E3F86145FCDB4E1752762A /* libohos.bundle_manager.dylib */; settings = {ATTRIBUTES = (CodeSignOnCopy, RemoveHeadersOnCopy, ); }; };
		D8C0B4C2E3DFFBBFDD01AD66 /* libohos.encoding.json.dylib in Embed Libraries */ = {isa = PBXBuildFile; fileRef = 4C1150B4DD873637299D276F /* libohos.encoding.json.dylib */; settings = {ATTRIBUTES = (CodeSignOnCopy, RemoveHeadersOnCopy, ); }; };
		DA1952DB3FF1711F2EF3F82C /* libohos.router.dylib in Frameworks */ = {isa = PBXBuildFile; fileRef = 7247E205536C7A5BCCDC6C11 /* libohos.router.dylib */; };
		DB0BEE651FF1908A50DB9936 /* libohos.ffi.dylib in Embed Libraries */ = {isa = PBXBuildFile; fileRef = EC15962BAC0B0212DDB62F6F /* libohos.ffi.dylib */; settings = {ATTRIBUTES = (CodeSignOnCopy, RemoveHeadersOnCopy, ); }; };
		DCA9D0E4A01B4C555F11A241 /* libohos.window.dylib in Frameworks */ = {isa = PBXBuildFile; fileRef = D413A0923E97955323AA03AC /* libohos.window.dylib */; };
		DFC8B172098462E353F67758 /* libcangjie-std-convert.dylib in Frameworks */ = {isa = PBXBuildFile; fileRef = D0A5E56986AC344F2498FAB1 /* libcangjie-std-convert.dylib */; };
		E104F6A818EC574581E31991 /* libcangjie-std-regex.dylib in Frameworks */ = {isa = PBXBuildFile; fileRef = 4C4BF97D76D12BE8BA6BF3A5 /* libcangjie-std-regex.dylib */; };
		E24DE8CFCAB147F6A003E3C9 /* libohos.color_manager.dylib in Embed Libraries */ = {isa = PBXBuildFile; fileRef = 869E45679F5CE91E82C98CE5 /* libohos.color_manager.dylib */; settings = {ATTRIBUTES = (CodeSignOnCopy, RemoveHeadersOnCopy, ); }; };
		E25336141343A97EAD0BC590 /* libhilog.dylib in Frameworks */ = {isa = PBXBuildFile; fileRef = 49A4CE696060608029BB7885 /* libhilog.dylib */; };
		E265AAEAC27D4D0BA2BF0256 /* libtdjson.dylib in Frameworks */ = {isa = PBXBuildFile; fileRef = DD6F490799264F01A7D73425 /* libtdjson.dylib */; };
		E3A66A49512DD92BF49147DF /* libboundscheck.dylib in Embed Libraries */ = {isa = PBXBuildFile; fileRef = 971AD3AA4EE5EA4674D954EA /* libboundscheck.dylib */; settings = {ATTRIBUTES = (CodeSignOnCopy, RemoveHeadersOnCopy, ); }; };
		E3B27C0CA503C0A0FC5964A9 /* libcangjie-std-unittest.dylib in Embed Libraries */ = {isa = PBXBuildFile; fileRef = 1559F6685707ECABD6259E46 /* libcangjie-std-unittest.dylib */; settings = {ATTRIBUTES = (CodeSignOnCopy, RemoveHeadersOnCopy, ); }; };
		E81F604CF999C0B923F81DAE /* libcjmp.ffi.dylib in Frameworks */ = {isa = PBXBuildFile; fileRef = AADD80435D4883EFD5B1BE8E /* libcjmp.ffi.dylib */; };
		F0AF1AD227D3684F008C55DD /* AppDelegate.m in Sources */ = {isa = PBXBuildFile; fileRef = F0AF1AD127D3684F008C55DD /* AppDelegate.m */; };
		F0AF1ADD27D36856008C55DD /* Assets.xcassets in Resources */ = {isa = PBXBuildFile; fileRef = F0AF1ADC27D36856008C55DD /* Assets.xcassets */; };
		F0AF1AE027D36856008C55DD /* LaunchScreen.storyboard in Resources */ = {isa = PBXBuildFile; fileRef = F0AF1ADE27D36856008C55DD /* LaunchScreen.storyboard */; };
		F0AF1AE327D36856008C55DD /* main.m in Sources */ = {isa = PBXBuildFile; fileRef = F0AF1AE227D36856008C55DD /* main.m */; };
		F365F7FA86AC4AD5648B3D80 /* libboundscheck.dylib in Frameworks */ = {isa = PBXBuildFile; fileRef = 971AD3AA4EE5EA4674D954EA /* libboundscheck.dylib */; };
		F4FAF50E0C853DAC3695DD53 /* libcangjie-std-unittest.diff.dylib in Embed Libraries */ = {isa = PBXBuildFile; fileRef = 752F92DE0BB8F7D478093F75 /* libcangjie-std-unittest.diff.dylib */; settings = {ATTRIBUTES = (CodeSignOnCopy, RemoveHeadersOnCopy, ); }; };
		FA9F52290EDE34D631F73D9F /* libohos.resource_manager.dylib in Frameworks */ = {isa = PBXBuildFile; fileRef = 6997DEC1D582347F0BFBBF1B /* libohos.resource_manager.dylib */; };
		FAE95FEBF459B466B756C260 /* libohos.ui_resource.dylib in Embed Libraries */ = {isa = PBXBuildFile; fileRef = 1980DFC6D79DF4B3726B86B6 /* libohos.ui_resource.dylib */; settings = {ATTRIBUTES = (CodeSignOnCopy, RemoveHeadersOnCopy, ); }; };
		FDAB7FDA113658FA27BF1320 /* libcangjie-std-unittest.prop_test.dylib in Embed Libraries */ = {isa = PBXBuildFile; fileRef = 4B159748C7EFC1C473CF9B74 /* libcangjie-std-unittest.prop_test.dylib */; settings = {ATTRIBUTES = (CodeSignOnCopy, RemoveHeadersOnCopy, ); }; };
/* End PBXBuildFile section */

/* Begin PBXContainerItemProxy section */
		2A0A2DF8C12DCA827D456743 /* PBXContainerItemProxy */ = {
			isa = PBXContainerItemProxy;
			containerPortal = F0AF1AC527D3684F008C55DD /* Project object */;
			proxyType = 1;
			remoteGlobalIDString = F0AF1ACC27D3684F008C55DD;
			remoteInfo = cjmp;
		};
/* End PBXContainerItemProxy section */

/* Begin PBXCopyFilesBuildPhase section */
		3E9454492E0E789600176E58 /* Embed Libraries */ = {
			isa = PBXCopyFilesBuildPhase;
			buildActionMask = 2147483647;
			dstPath = "";
			dstSubfolderSpec = 10;
			files = (
				740AACCD6B2D4A62AD2E963C /* libtdjson.dylib in Embed Libraries */,
				FAE95FEBF459B466B756C260 /* libohos.ui_resource.dylib in Embed Libraries */,
				0EDF4E7238035647492651BE /* libcangjie-std-collection.concurrent.dylib in Embed Libraries */,
				6C4BE5EAC58F6AAD28AD5020 /* libcangjie-runtime.dylib in Embed Libraries */,
				3130C0A4AA150A24D47F2384 /* libcangjie-std-binary.dylib in Embed Libraries */,
				A447C83FFE57BEB34149C498 /* libohos.web.net_error_list.dylib in Embed Libraries */,
				83AAC219D921E444831302ED /* libohos.matrix4.dylib in Embed Libraries */,
				1AEA67CB8C2F12C8E0B295EA /* libcangjie-std-process.dylib in Embed Libraries */,
				85E32F0946E7EF018E6B934D /* libcangjie-std-net.dylib in Embed Libraries */,
				9FC8385211B8F005362BED8F /* libcangjie-std-io.dylib in Embed Libraries */,
				C144B6148E8D5E91EE582601 /* libohos.webview.dylib in Embed Libraries */,
				5A414A9ADBBEA202097EA69C /* libcangjie-std-unittest.mock.dylib in Embed Libraries */,
				C018A476B6E69725651C6127 /* libcangjie-std-time.dylib in Embed Libraries */,
				2DA51195015F26FFD22E97F7 /* libpcre2-8.0.dylib in Embed Libraries */,
				AE8818E5B73FB812910D46DC /* libcangjie-std-unittest.mock.internal.dylib in Embed Libraries */,
				CEE8B3F57402FAC88A48F713 /* libcangjie-std-unicode.dylib in Embed Libraries */,
				6394AFF8E0553D2FD3AAA28E /* libcjmp.net.connection.dylib in Embed Libraries */,
				C5E6E41CB146BE2D74562D31 /* libhilog.dylib in Embed Libraries */,
				0B9278715CFEC6A845276358 /* libcangjie-std-sync.dylib in Embed Libraries */,
				D7A46EEEE91711659105573A /* libohos.bundle_manager.dylib in Embed Libraries */,
				CF029DDEEF540C3D13BCC7F2 /* libohos.router.dylib in Embed Libraries */,
				A48AD2DA28EE3D53709B2350 /* libcjmp.callback_invoke.dylib in Embed Libraries */,
				4008BCFC1DDB779F535AFAE2 /* libohos.ui_test.dylib in Embed Libraries */,
				3600404AEE4A7536FC589D2C /* libcangjie-std-runtime.dylib in Embed Libraries */,
				8CD5434A1EBD50C587DF624E /* libcangjie-std-unittest.common.dylib in Embed Libraries */,
				B829D6ABB684EEA22253E469 /* libohos.hi_tracemeter.dylib in Embed Libraries */,
				1B11FF9E2916C261184BE091 /* libcjmp.ffi.dylib in Embed Libraries */,
				85C9297F06DD2186C7A29F39 /* libohos.labels.dylib in Embed Libraries */,
				5EFECD9A2D41138549C43DC9 /* libcangjie-std-convert.dylib in Embed Libraries */,
				C239E46035EAB231EDA3ED8E /* libcangjie-std-math.dylib in Embed Libraries */,
				DB0BEE651FF1908A50DB9936 /* libohos.ffi.dylib in Embed Libraries */,
				A006C110DD155AD04ADC8D29 /* libcangjie-std-overflow.dylib in Embed Libraries */,
				F4FAF50E0C853DAC3695DD53 /* libcangjie-std-unittest.diff.dylib in Embed Libraries */,
				0810ADDB264B7FF7E2B0F84A /* libohos.window.dylib in Embed Libraries */,
				9310FCD8F8FA7426E18E063A /* libohos.ability.dylib in Embed Libraries */,
				C0BCD99E00C4C2DD1BE74089 /* libohos.component.dylib in Embed Libraries */,
				5B02C3414AAC10C106BD17F5 /* libcangjie-std-env.dylib in Embed Libraries */,
				725AA253540F74E81E619E00 /* libcommon.dylib in Embed Libraries */,
				27536A57066D0F5A36550022 /* libohos.resource_manager.dylib in Embed Libraries */,
				E3B27C0CA503C0A0FC5964A9 /* libcangjie-std-unittest.dylib in Embed Libraries */,
				E3A66A49512DD92BF49147DF /* libboundscheck.dylib in Embed Libraries */,
				4AAED46F3BC1BD957BC22377 /* libcangjie-std-argopt.dylib in Embed Libraries */,
				ABB02C83BD871BFD3FB33602 /* libcangjie-std-regex.dylib in Embed Libraries */,
				7ACB54B637F075C361F3E1D8 /* libohos.eventhub.dylib in Embed Libraries */,
				7AC6BA75857356ACC18B6FEA /* libcangjie-std-random.dylib in Embed Libraries */,
				2EE35913E85C454507062966 /* libohos.rpc.dylib in Embed Libraries */,
				4B9D30BA588183B58F642F46 /* libcjmp.labels.dylib in Embed Libraries */,
				788A99FDE3044475BE776E80 /* libnet_connection.dylib in Embed Libraries */,
				35F3A55EF5D700692F5D2E1F /* libjnicjmp.dylib in Embed Libraries */,
				D8C0B4C2E3DFFBBFDD01AD66 /* libohos.encoding.json.dylib in Embed Libraries */,
				C50F7E7BE59EF3BBA28F99EF /* libohos.image.dylib in Embed Libraries */,
				C52EFD119B13247A3F902056 /* libcjmp.business_exception.dylib in Embed Libraries */,
				D3DDFDAE443A8173DB67D6EC /* libohos.base.dylib in Embed Libraries */,
				E24DE8CFCAB147F6A003E3C9 /* libohos.color_manager.dylib in Embed Libraries */,
				C1E7802B79C144CB580BFDE5 /* libohos.state_manage.dylib in Embed Libraries */,
				58E1E36473F6B880DC833504 /* libcangjie-std-core.dylib in Embed Libraries */,
				B5266CE7D01EE04C3FE3A48C /* libcangjie-std-collection.dylib in Embed Libraries */,
				AEA3AA4C77F0E7DFAA5C8BB1 /* libuitest.dylib in Embed Libraries */,
				FDAB7FDA113658FA27BF1320 /* libcangjie-std-unittest.prop_test.dylib in Embed Libraries */,
				82457C8AE3CA17E09695C59A /* libcjmp.hilog.dylib in Embed Libraries */,
				13B9F2CBC66FF862CB2465A9 /* libcangjie-std-fs.dylib in Embed Libraries */,
				BD7506D9909135D4EA7265B1 /* libcangjie-std-sort.dylib in Embed Libraries */,
				AB9E69E1A0A2D4F67B58A25C /* libohos_app_cangjie_entry.dylib in Embed Libraries */,
				CB211588E96A5B294C712EDF /* libohos.hilog.dylib in Embed Libraries */,
				93DC12A71B2C9FD93E7CEA16 /* libkeels_ios.framework in Embed Libraries */,
			);
			name = "Embed Libraries";
			runOnlyForDeploymentPostprocessing = 0;
		};
/* End PBXCopyFilesBuildPhase section */

/* Begin PBXFileReference section */
		04BE7FA860196E48F889ACE6 /* libohos.component.dylib */ = {isa = PBXFileReference; includeInIndex = 1; lastKnownFileType = "compiled.mach-o.dylib"; name = libohos.component.dylib; path = frameworks/libohos.component.dylib; sourceTree = "<group>"; };
		08726B4958031FA64497769A /* XCTest.framework */ = {isa = PBXFileReference; lastKnownFileType = wrapper.framework; name = XCTest.framework; path = Platforms/iPhoneOS.platform/Developer/SDKs/iPhoneOS18.0.sdk/System/Library/Frameworks/XCTest.framework; sourceTree = DEVELOPER_DIR; };
		110FEED16F405856E7DB86C4 /* libcommon.dylib */ = {isa = PBXFileReference; includeInIndex = 1; lastKnownFileType = "compiled.mach-o.dylib"; name = libcommon.dylib; path = frameworks/libcommon.dylib; sourceTree = "<group>"; };
		1219E4ECF0BA3ECE19D7C594 /* libpcre2-8.0.dylib */ = {isa = PBXFileReference; includeInIndex = 1; lastKnownFileType = "compiled.mach-o.dylib"; name = "libpcre2-8.0.dylib"; path = "frameworks/libpcre2-8.0.dylib"; sourceTree = "<group>"; };
		1559F6685707ECABD6259E46 /* libcangjie-std-unittest.dylib */ = {isa = PBXFileReference; includeInIndex = 1; lastKnownFileType = "compiled.mach-o.dylib"; name = "libcangjie-std-unittest.dylib"; path = "frameworks/libcangjie-std-unittest.dylib"; sourceTree = "<group>"; };
		17251B8A96662E37F57C7951 /* libkeels_ios.framework */ = {isa = PBXFileReference; lastKnownFileType = wrapper.framework; name = libkeels_ios.framework; path = frameworks/libkeels_ios.framework; sourceTree = "<group>"; };
		1980DFC6D79DF4B3726B86B6 /* libohos.ui_resource.dylib */ = {isa = PBXFileReference; includeInIndex = 1; lastKnownFileType = "compiled.mach-o.dylib"; name = libohos.ui_resource.dylib; path = frameworks/libohos.ui_resource.dylib; sourceTree = "<group>"; };
		1FF8CAC160B7C33130528668 /* libcangjie-std-sync.dylib */ = {isa = PBXFileReference; includeInIndex = 1; lastKnownFileType = "compiled.mach-o.dylib"; name = "libcangjie-std-sync.dylib"; path = "frameworks/libcangjie-std-sync.dylib"; sourceTree = "<group>"; };
		204CB5A1CA75E646D1F7EFD0 /* libohos.hilog.dylib */ = {isa = PBXFileReference; includeInIndex = 1; lastKnownFileType = "compiled.mach-o.dylib"; name = libohos.hilog.dylib; path = frameworks/libohos.hilog.dylib; sourceTree = "<group>"; };
		21A38017C66E280D2338E0F6 /* libohos.state_manage.dylib */ = {isa = PBXFileReference; includeInIndex = 1; lastKnownFileType = "compiled.mach-o.dylib"; name = libohos.state_manage.dylib; path = frameworks/libohos.state_manage.dylib; sourceTree = "<group>"; };
		22979103D423FB9E11FA73C8 /* libcangjie-std-unicode.dylib */ = {isa = PBXFileReference; includeInIndex = 1; lastKnownFileType = "compiled.mach-o.dylib"; name = "libcangjie-std-unicode.dylib"; path = "frameworks/libcangjie-std-unicode.dylib"; sourceTree = "<group>"; };
		30B69DF5D80515F07F3C7E65 /* libcangjie-std-env.dylib */ = {isa = PBXFileReference; includeInIndex = 1; lastKnownFileType = "compiled.mach-o.dylib"; name = "libcangjie-std-env.dylib"; path = "frameworks/libcangjie-std-env.dylib"; sourceTree = "<group>"; };
		3BF976FD5CA908CDB5F370D2 /* libcangjie-std-runtime.dylib */ = {isa = PBXFileReference; includeInIndex = 1; lastKnownFileType = "compiled.mach-o.dylib"; name = "libcangjie-std-runtime.dylib"; path = "frameworks/libcangjie-std-runtime.dylib"; sourceTree = "<group>"; };
		3E945BAD2E12513100176E58 /* keels */ = {isa = PBXFileReference; lastKnownFileType = folder; path = keels; sourceTree = "<group>"; };
		420D098891B608F1F514E3FC /* libcjmp.labels.dylib */ = {isa = PBXFileReference; includeInIndex = 1; lastKnownFileType = "compiled.mach-o.dylib"; name = libcjmp.labels.dylib; path = frameworks/libcjmp.labels.dylib; sourceTree = "<group>"; };
		43BA410B356010665A2A7CD6 /* libohos.webview.dylib */ = {isa = PBXFileReference; includeInIndex = 1; lastKnownFileType = "compiled.mach-o.dylib"; name = libohos.webview.dylib; path = frameworks/libohos.webview.dylib; sourceTree = "<group>"; };
		43C4F8462DC569CC64D3624A /* libcangjie-std-process.dylib */ = {isa = PBXFileReference; includeInIndex = 1; lastKnownFileType = "compiled.mach-o.dylib"; name = "libcangjie-std-process.dylib"; path = "frameworks/libcangjie-std-process.dylib"; sourceTree = "<group>"; };
		462C5129558CDAD565613E34 /* libuitest.dylib */ = {isa = PBXFileReference; includeInIndex = 1; lastKnownFileType = "compiled.mach-o.dylib"; name = libuitest.dylib; path = frameworks/libuitest.dylib; sourceTree = "<group>"; };
		49A4CE696060608029BB7885 /* libhilog.dylib */ = {isa = PBXFileReference; includeInIndex = 1; lastKnownFileType = "compiled.mach-o.dylib"; name = libhilog.dylib; path = frameworks/libhilog.dylib; sourceTree = "<group>"; };
		4B159748C7EFC1C473CF9B74 /* libcangjie-std-unittest.prop_test.dylib */ = {isa = PBXFileReference; includeInIndex = 1; lastKnownFileType = "compiled.mach-o.dylib"; name = "libcangjie-std-unittest.prop_test.dylib"; path = "frameworks/libcangjie-std-unittest.prop_test.dylib"; sourceTree = "<group>"; };
		4C1150B4DD873637299D276F /* libohos.encoding.json.dylib */ = {isa = PBXFileReference; includeInIndex = 1; lastKnownFileType = "compiled.mach-o.dylib"; name = libohos.encoding.json.dylib; path = frameworks/libohos.encoding.json.dylib; sourceTree = "<group>"; };
		4C4BF97D76D12BE8BA6BF3A5 /* libcangjie-std-regex.dylib */ = {isa = PBXFileReference; includeInIndex = 1; lastKnownFileType = "compiled.mach-o.dylib"; name = "libcangjie-std-regex.dylib"; path = "frameworks/libcangjie-std-regex.dylib"; sourceTree = "<group>"; };
		4D44520BBD4BE6D824DAA813 /* libcjmp.hilog.dylib */ = {isa = PBXFileReference; includeInIndex = 1; lastKnownFileType = "compiled.mach-o.dylib"; name = libcjmp.hilog.dylib; path = frameworks/libcjmp.hilog.dylib; sourceTree = "<group>"; };
		58980B1DB7770D14719C35F0 /* libohos_app_cangjie_entry.dylib */ = {isa = PBXFileReference; includeInIndex = 1; lastKnownFileType = "compiled.mach-o.dylib"; name = libohos_app_cangjie_entry.dylib; path = frameworks/libohos_app_cangjie_entry.dylib; sourceTree = "<group>"; };
		621C9CF8573CD631C78B83EF /* libohos.base.dylib */ = {isa = PBXFileReference; includeInIndex = 1; lastKnownFileType = "compiled.mach-o.dylib"; name = libohos.base.dylib; path = frameworks/libohos.base.dylib; sourceTree = "<group>"; };
		67AAA51AAAC165004E97FA56 /* libohos.ui_test.dylib */ = {isa = PBXFileReference; includeInIndex = 1; lastKnownFileType = "compiled.mach-o.dylib"; name = libohos.ui_test.dylib; path = frameworks/libohos.ui_test.dylib; sourceTree = "<group>"; };
		6926F23079D6F6FBD4935547 /* libcangjie-std-core.dylib */ = {isa = PBXFileReference; includeInIndex = 1; lastKnownFileType = "compiled.mach-o.dylib"; name = "libcangjie-std-core.dylib"; path = "frameworks/libcangjie-std-core.dylib"; sourceTree = "<group>"; };
		6997DEC1D582347F0BFBBF1B /* libohos.resource_manager.dylib */ = {isa = PBXFileReference; includeInIndex = 1; lastKnownFileType = "compiled.mach-o.dylib"; name = libohos.resource_manager.dylib; path = frameworks/libohos.resource_manager.dylib; sourceTree = "<group>"; };
		6BB20043E419A8830A9714C5 /* libcangjie-std-collection.concurrent.dylib */ = {isa = PBXFileReference; includeInIndex = 1; lastKnownFileType = "compiled.mach-o.dylib"; name = "libcangjie-std-collection.concurrent.dylib"; path = "frameworks/libcangjie-std-collection.concurrent.dylib"; sourceTree = "<group>"; };
		6D8B190731FC5D6413B17437 /* libcjmp.business_exception.dylib */ = {isa = PBXFileReference; includeInIndex = 1; lastKnownFileType = "compiled.mach-o.dylib"; name = libcjmp.business_exception.dylib; path = frameworks/libcjmp.business_exception.dylib; sourceTree = "<group>"; };
		7247E205536C7A5BCCDC6C11 /* libohos.router.dylib */ = {isa = PBXFileReference; includeInIndex = 1; lastKnownFileType = "compiled.mach-o.dylib"; name = libohos.router.dylib; path = frameworks/libohos.router.dylib; sourceTree = "<group>"; };
		752F92DE0BB8F7D478093F75 /* libcangjie-std-unittest.diff.dylib */ = {isa = PBXFileReference; includeInIndex = 1; lastKnownFileType = "compiled.mach-o.dylib"; name = "libcangjie-std-unittest.diff.dylib"; path = "frameworks/libcangjie-std-unittest.diff.dylib"; sourceTree = "<group>"; };
		7C7A8FA1841C5B987731713A /* CjmpUITests.swift */ = {isa = PBXFileReference; includeInIndex = 1; lastKnownFileType = sourcecode.swift; name = CjmpUITests.swift; path = cjmpUITests/CjmpUITests.swift; sourceTree = "<group>"; };
		7EF2D71AFE5A3A71C68D9789 /* libohos.labels.dylib */ = {isa = PBXFileReference; includeInIndex = 1; lastKnownFileType = "compiled.mach-o.dylib"; name = libohos.labels.dylib; path = frameworks/libohos.labels.dylib; sourceTree = "<group>"; };
		82FF3E6DED3A6B03444A0AA9 /* libcjmp.callback_invoke.dylib */ = {isa = PBXFileReference; includeInIndex = 1; lastKnownFileType = "compiled.mach-o.dylib"; name = libcjmp.callback_invoke.dylib; path = frameworks/libcjmp.callback_invoke.dylib; sourceTree = "<group>"; };
		831AF83A367C2C987BA5E03F /* libcangjie-std-unittest.mock.internal.dylib */ = {isa = PBXFileReference; includeInIndex = 1; lastKnownFileType = "compiled.mach-o.dylib"; name = "libcangjie-std-unittest.mock.internal.dylib"; path = "frameworks/libcangjie-std-unittest.mock.internal.dylib"; sourceTree = "<group>"; };
		83BCD45633081C8791E7E0AB /* libohos.web.net_error_list.dylib */ = {isa = PBXFileReference; includeInIndex = 1; lastKnownFileType = "compiled.mach-o.dylib"; name = libohos.web.net_error_list.dylib; path = frameworks/libohos.web.net_error_list.dylib; sourceTree = "<group>"; };
		869E45679F5CE91E82C98CE5 /* libohos.color_manager.dylib */ = {isa = PBXFileReference; includeInIndex = 1; lastKnownFileType = "compiled.mach-o.dylib"; name = libohos.color_manager.dylib; path = frameworks/libohos.color_manager.dylib; sourceTree = "<group>"; };
		86E3F86145FCDB4E1752762A /* libohos.bundle_manager.dylib */ = {isa = PBXFileReference; includeInIndex = 1; lastKnownFileType = "compiled.mach-o.dylib"; name = libohos.bundle_manager.dylib; path = frameworks/libohos.bundle_manager.dylib; sourceTree = "<group>"; };
		89E41E4329F505070004F33E /* EntryEntryAbilityViewController.m */ = {isa = PBXFileReference; fileEncoding = 4; lastKnownFileType = sourcecode.c.objc; path = EntryEntryAbilityViewController.m; sourceTree = "<group>"; };
		89E41E4429F505070004F33E /* EntryEntryAbilityViewController.h */ = {isa = PBXFileReference; fileEncoding = 4; lastKnownFileType = sourcecode.c.h; path = EntryEntryAbilityViewController.h; sourceTree = "<group>"; };
		89E5947D454B4A7B0F739083 /* libcangjie-std-math.dylib */ = {isa = PBXFileReference; includeInIndex = 1; lastKnownFileType = "compiled.mach-o.dylib"; name = "libcangjie-std-math.dylib"; path = "frameworks/libcangjie-std-math.dylib"; sourceTree = "<group>"; };
		8B57AFA3854837F13A0C0A95 /* libohos.image.dylib */ = {isa = PBXFileReference; includeInIndex = 1; lastKnownFileType = "compiled.mach-o.dylib"; name = libohos.image.dylib; path = frameworks/libohos.image.dylib; sourceTree = "<group>"; };
		8C1E69D22350B5421D48A06F /* libcangjie-std-net.dylib */ = {isa = PBXFileReference; includeInIndex = 1; lastKnownFileType = "compiled.mach-o.dylib"; name = "libcangjie-std-net.dylib"; path = "frameworks/libcangjie-std-net.dylib"; sourceTree = "<group>"; };
		8D96264DBE61DCD26D4A5A06 /* libcangjie-std-random.dylib */ = {isa = PBXFileReference; includeInIndex = 1; lastKnownFileType = "compiled.mach-o.dylib"; name = "libcangjie-std-random.dylib"; path = "frameworks/libcangjie-std-random.dylib"; sourceTree = "<group>"; };
		8F5D87C1AC17E27B207A9E8A /* libcangjie-std-binary.dylib */ = {isa = PBXFileReference; includeInIndex = 1; lastKnownFileType = "compiled.mach-o.dylib"; name = "libcangjie-std-binary.dylib"; path = "frameworks/libcangjie-std-binary.dylib"; sourceTree = "<group>"; };
		8FC44169EB0D6AC1E7FEF223 /* libcangjie-std-collection.dylib */ = {isa = PBXFileReference; includeInIndex = 1; lastKnownFileType = "compiled.mach-o.dylib"; name = "libcangjie-std-collection.dylib"; path = "frameworks/libcangjie-std-collection.dylib"; sourceTree = "<group>"; };
		930ABB9148A11A7F742008A7 /* libcangjie-std-unittest.common.dylib */ = {isa = PBXFileReference; includeInIndex = 1; lastKnownFileType = "compiled.mach-o.dylib"; name = "libcangjie-std-unittest.common.dylib"; path = "frameworks/libcangjie-std-unittest.common.dylib"; sourceTree = "<group>"; };
		971AD3AA4EE5EA4674D954EA /* libboundscheck.dylib */ = {isa = PBXFileReference; includeInIndex = 1; lastKnownFileType = "compiled.mach-o.dylib"; name = libboundscheck.dylib; path = frameworks/libboundscheck.dylib; sourceTree = "<group>"; };
		A31A52E365E5CA391CA10C4A /* libcangjie-std-argopt.dylib */ = {isa = PBXFileReference; includeInIndex = 1; lastKnownFileType = "compiled.mach-o.dylib"; name = "libcangjie-std-argopt.dylib"; path = "frameworks/libcangjie-std-argopt.dylib"; sourceTree = "<group>"; };
		AADD80435D4883EFD5B1BE8E /* libcjmp.ffi.dylib */ = {isa = PBXFileReference; includeInIndex = 1; lastKnownFileType = "compiled.mach-o.dylib"; name = libcjmp.ffi.dylib; path = frameworks/libcjmp.ffi.dylib; sourceTree = "<group>"; };
		ADAA98D099BB97F1A78550E5 /* libcangjie-std-sort.dylib */ = {isa = PBXFileReference; includeInIndex = 1; lastKnownFileType = "compiled.mach-o.dylib"; name = "libcangjie-std-sort.dylib"; path = "frameworks/libcangjie-std-sort.dylib"; sourceTree = "<group>"; };
		AE76C8C238E43AE1052FE516 /* libohos.rpc.dylib */ = {isa = PBXFileReference; includeInIndex = 1; lastKnownFileType = "compiled.mach-o.dylib"; name = libohos.rpc.dylib; path = frameworks/libohos.rpc.dylib; sourceTree = "<group>"; };
		AF3EF40E0FF45874A03E0B1E /* libcangjie-std-overflow.dylib */ = {isa = PBXFileReference; includeInIndex = 1; lastKnownFileType = "compiled.mach-o.dylib"; name = "libcangjie-std-overflow.dylib"; path = "frameworks/libcangjie-std-overflow.dylib"; sourceTree = "<group>"; };
		BA1E86341300F2561FFE6509 /* libohos.eventhub.dylib */ = {isa = PBXFileReference; includeInIndex = 1; lastKnownFileType = "compiled.mach-o.dylib"; name = libohos.eventhub.dylib; path = frameworks/libohos.eventhub.dylib; sourceTree = "<group>"; };
		BDB2ADB123808F5DCB2B56F4 /* libohos.hi_tracemeter.dylib */ = {isa = PBXFileReference; includeInIndex = 1; lastKnownFileType = "compiled.mach-o.dylib"; name = libohos.hi_tracemeter.dylib; path = frameworks/libohos.hi_tracemeter.dylib; sourceTree = "<group>"; };
		C0FBEE979A6535F6C7DDB876 /* libcjmp.net.connection.dylib */ = {isa = PBXFileReference; includeInIndex = 1; lastKnownFileType = "compiled.mach-o.dylib"; name = libcjmp.net.connection.dylib; path = frameworks/libcjmp.net.connection.dylib; sourceTree = "<group>"; };
		C511968AF04177C8921A4ED6 /* libcangjie-std-time.dylib */ = {isa = PBXFileReference; includeInIndex = 1; lastKnownFileType = "compiled.mach-o.dylib"; name = "libcangjie-std-time.dylib"; path = "frameworks/libcangjie-std-time.dylib"; sourceTree = "<group>"; };
		C60BAFA4600BDAF3BE6CDE75 /* libcangjie-std-unittest.mock.dylib */ = {isa = PBXFileReference; includeInIndex = 1; lastKnownFileType = "compiled.mach-o.dylib"; name = "libcangjie-std-unittest.mock.dylib"; path = "frameworks/libcangjie-std-unittest.mock.dylib"; sourceTree = "<group>"; };
		CEB2D8FA2FAB234400865C58 /* cjmp.app */ = {isa = PBXFileReference; explicitFileType = wrapper.application; includeInIndex = 0; path = cjmp.app; sourceTree = BUILT_PRODUCTS_DIR; };
		CEB2D8FB2FAB234400865C58 /* cjmpUITests.xctest */ = {isa = PBXFileReference; explicitFileType = wrapper.cfbundle; includeInIndex = 0; path = cjmpUITests.xctest; sourceTree = BUILT_PRODUCTS_DIR; };
		D082978A616F910E4099F17C /* libohos.ability.dylib */ = {isa = PBXFileReference; includeInIndex = 1; lastKnownFileType = "compiled.mach-o.dylib"; name = libohos.ability.dylib; path = frameworks/libohos.ability.dylib; sourceTree = "<group>"; };
		D0A5E56986AC344F2498FAB1 /* libcangjie-std-convert.dylib */ = {isa = PBXFileReference; includeInIndex = 1; lastKnownFileType = "compiled.mach-o.dylib"; name = "libcangjie-std-convert.dylib"; path = "frameworks/libcangjie-std-convert.dylib"; sourceTree = "<group>"; };
		D413A0923E97955323AA03AC /* libohos.window.dylib */ = {isa = PBXFileReference; includeInIndex = 1; lastKnownFileType = "compiled.mach-o.dylib"; name = libohos.window.dylib; path = frameworks/libohos.window.dylib; sourceTree = "<group>"; };
		D84D6C6DBD575EDE787DC851 /* libnet_connection.dylib */ = {isa = PBXFileReference; includeInIndex = 1; lastKnownFileType = "compiled.mach-o.dylib"; name = libnet_connection.dylib; path = frameworks/libnet_connection.dylib; sourceTree = "<group>"; };
		DA9FC61A0E878BD241D9D13C /* libjnicjmp.dylib */ = {isa = PBXFileReference; includeInIndex = 1; lastKnownFileType = "compiled.mach-o.dylib"; name = libjnicjmp.dylib; path = frameworks/libjnicjmp.dylib; sourceTree = "<group>"; };
		DD6F490799264F01A7D73425 /* libtdjson.dylib */ = {isa = PBXFileReference; includeInIndex = 1; lastKnownFileType = "compiled.mach-o.dylib"; name = libtdjson.dylib; path = "../build/tdlib-phase0/ios-sim/libtdjson.dylib"; sourceTree = "<group>"; };
		E0446C1DB11D79D4FB02FAAD /* libcangjie-runtime.dylib */ = {isa = PBXFileReference; includeInIndex = 1; lastKnownFileType = "compiled.mach-o.dylib"; name = "libcangjie-runtime.dylib"; path = "frameworks/libcangjie-runtime.dylib"; sourceTree = "<group>"; };
		E266953D82C727040677E79F /* Foundation.framework */ = {isa = PBXFileReference; lastKnownFileType = wrapper.framework; name = Foundation.framework; path = Platforms/iPhoneOS.platform/Developer/SDKs/iPhoneOS18.0.sdk/System/Library/Frameworks/Foundation.framework; sourceTree = DEVELOPER_DIR; };
		EC15962BAC0B0212DDB62F6F /* libohos.ffi.dylib */ = {isa = PBXFileReference; includeInIndex = 1; lastKnownFileType = "compiled.mach-o.dylib"; name = libohos.ffi.dylib; path = frameworks/libohos.ffi.dylib; sourceTree = "<group>"; };
		F0AF1AD027D3684F008C55DD /* AppDelegate.h */ = {isa = PBXFileReference; lastKnownFileType = sourcecode.c.h; path = AppDelegate.h; sourceTree = "<group>"; };
		F0AF1AD127D3684F008C55DD /* AppDelegate.m */ = {isa = PBXFileReference; lastKnownFileType = sourcecode.cpp.objcpp; path = AppDelegate.m; sourceTree = "<group>"; };
		F0AF1ADC27D36856008C55DD /* Assets.xcassets */ = {isa = PBXFileReference; lastKnownFileType = folder.assetcatalog; path = Assets.xcassets; sourceTree = "<group>"; };
		F0AF1ADF27D36856008C55DD /* Base */ = {isa = PBXFileReference; lastKnownFileType = file.storyboard; name = Base; path = Base.lproj/LaunchScreen.storyboard; sourceTree = "<group>"; };
		F0AF1AE127D36856008C55DD /* Info.plist */ = {isa = PBXFileReference; lastKnownFileType = text.plist.xml; path = Info.plist; sourceTree = "<group>"; };
		F0AF1AE227D36856008C55DD /* main.m */ = {isa = PBXFileReference; lastKnownFileType = sourcecode.c.objc; path = main.m; sourceTree = "<group>"; };
		F3C373424A4FBD9440A3DF09 /* libcangjie-std-io.dylib */ = {isa = PBXFileReference; includeInIndex = 1; lastKnownFileType = "compiled.mach-o.dylib"; name = "libcangjie-std-io.dylib"; path = "frameworks/libcangjie-std-io.dylib"; sourceTree = "<group>"; };
		F5DCB05F268B34284A2BFB79 /* libcangjie-std-fs.dylib */ = {isa = PBXFileReference; includeInIndex = 1; lastKnownFileType = "compiled.mach-o.dylib"; name = "libcangjie-std-fs.dylib"; path = "frameworks/libcangjie-std-fs.dylib"; sourceTree = "<group>"; };
		FD5E5F7B8215A5A30A7B54AE /* libohos.matrix4.dylib */ = {isa = PBXFileReference; includeInIndex = 1; lastKnownFileType = "compiled.mach-o.dylib"; name = libohos.matrix4.dylib; path = frameworks/libohos.matrix4.dylib; sourceTree = "<group>"; };
/* End PBXFileReference section */

/* Begin PBXFrameworksBuildPhase section */
		C83BC8FF64DC5B898F67D9CD /* Frameworks */ = {
			isa = PBXFrameworksBuildPhase;
			buildActionMask = 2147483647;
			files = (
				3C8D0FA587E43BD72F95B5DC /* Foundation.framework in Frameworks */,
				426941900BCEABA4D5918DF0 /* XCTest.framework in Frameworks */,
				E265AAEAC27D4D0BA2BF0256 /* libtdjson.dylib in Frameworks */,
			);
			runOnlyForDeploymentPostprocessing = 0;
		};
		F0AF1ACA27D3684F008C55DD /* Frameworks */ = {
			isa = PBXFrameworksBuildPhase;
			buildActionMask = 2147483647;
			files = (
				1A04274454007FC967202177 /* libohos.ui_resource.dylib in Frameworks */,
				9A8E949BC7A7034BCA4CD145 /* libcangjie-std-collection.concurrent.dylib in Frameworks */,
				CF142F853271AA1E8EB1DC54 /* libcangjie-runtime.dylib in Frameworks */,
				C3B46AB0DD9194E1DB896017 /* libcangjie-std-binary.dylib in Frameworks */,
				757B6BB112C9140C764BF799 /* libohos.web.net_error_list.dylib in Frameworks */,
				B7566E6E375447C5DB938814 /* libohos.matrix4.dylib in Frameworks */,
				C25593FDD402C1E0AD31E086 /* libcangjie-std-process.dylib in Frameworks */,
				2661EE2393D6AAD4EB3D004F /* libcangjie-std-net.dylib in Frameworks */,
				336836A703E74447C61B9116 /* libcangjie-std-io.dylib in Frameworks */,
				09968D9F4F2185C605568A07 /* libohos.webview.dylib in Frameworks */,
				1C34B1FAA9146DE5A71D5642 /* libcangjie-std-unittest.mock.dylib in Frameworks */,
				55E12CA98D055604C613186B /* libcangjie-std-time.dylib in Frameworks */,
				7A32BF125010A84D66A6F632 /* libpcre2-8.0.dylib in Frameworks */,
				78A9FC24CC83A166A7D23E69 /* libcangjie-std-unittest.mock.internal.dylib in Frameworks */,
				90777D946DD07CABB1E54047 /* libcangjie-std-unicode.dylib in Frameworks */,
				57761860B8C53676F53F02CB /* libcjmp.net.connection.dylib in Frameworks */,
				E25336141343A97EAD0BC590 /* libhilog.dylib in Frameworks */,
				CC4D62D1466AE96569DB3DC8 /* libcangjie-std-sync.dylib in Frameworks */,
				C2D47C72D3ABB3E837462C70 /* libohos.bundle_manager.dylib in Frameworks */,
				DA1952DB3FF1711F2EF3F82C /* libohos.router.dylib in Frameworks */,
				B8408505EB59848DE2B90E51 /* libcjmp.callback_invoke.dylib in Frameworks */,
				5BE8930487713532BB732CCB /* libohos.ui_test.dylib in Frameworks */,
				073E29B7E90F13F338F91663 /* libcangjie-std-runtime.dylib in Frameworks */,
				D735573C5D662C25BD42CA6C /* libcangjie-std-unittest.common.dylib in Frameworks */,
				09525BFC9E40B9F5ED85D657 /* libohos.hi_tracemeter.dylib in Frameworks */,
				E81F604CF999C0B923F81DAE /* libcjmp.ffi.dylib in Frameworks */,
				BD2524D329583ABACE9A841F /* libohos.labels.dylib in Frameworks */,
				DFC8B172098462E353F67758 /* libcangjie-std-convert.dylib in Frameworks */,
				527B7AEB62C1BFE365051438 /* libcangjie-std-math.dylib in Frameworks */,
				62CFB83EEC4E220D364E3C1F /* libohos.ffi.dylib in Frameworks */,
				0F724033F34E82974608F0D2 /* libcangjie-std-overflow.dylib in Frameworks */,
				50C05CA5FBD7437F5B154507 /* libcangjie-std-unittest.diff.dylib in Frameworks */,
				DCA9D0E4A01B4C555F11A241 /* libohos.window.dylib in Frameworks */,
				C3E30CD7666770CDD9B14C07 /* libohos.ability.dylib in Frameworks */,
				BD4081EC0AFBD5A6CF865FFC /* libohos.component.dylib in Frameworks */,
				B0D5E55D7B960F3A0DD57BD2 /* libcangjie-std-env.dylib in Frameworks */,
				AE6DB9DC11F5B7F4B568FFA4 /* libcommon.dylib in Frameworks */,
				FA9F52290EDE34D631F73D9F /* libohos.resource_manager.dylib in Frameworks */,
				CD48BCE54FB38D0817569CF0 /* libcangjie-std-unittest.dylib in Frameworks */,
				F365F7FA86AC4AD5648B3D80 /* libboundscheck.dylib in Frameworks */,
				1C86C1D4A93EE4D28A3ED272 /* libcangjie-std-argopt.dylib in Frameworks */,
				E104F6A818EC574581E31991 /* libcangjie-std-regex.dylib in Frameworks */,
				2C8BF2ED100793F0E3266FF9 /* libohos.eventhub.dylib in Frameworks */,
				87C2F8F4E9267D392CAA4788 /* libcangjie-std-random.dylib in Frameworks */,
				5FAC1ECF690A1B725E5954EA /* libohos.rpc.dylib in Frameworks */,
				3B3CC0EC55342B130FD4C33C /* libcjmp.labels.dylib in Frameworks */,
				19B3247DB80C1CA6C1B9D55C /* libnet_connection.dylib in Frameworks */,
				D3701C10C743A3DB1AA5C056 /* libjnicjmp.dylib in Frameworks */,
				B54047D5026B262EF4D3A064 /* libohos.encoding.json.dylib in Frameworks */,
				6C717FC8455AE55086097C93 /* libohos.image.dylib in Frameworks */,
				D0174508038101DD984AE1C3 /* libcjmp.business_exception.dylib in Frameworks */,
				5FE20DE3B4FA02DF1A0E66A2 /* libohos.base.dylib in Frameworks */,
				C72FA506F2E7A4A4DA80C106 /* libohos.color_manager.dylib in Frameworks */,
				C8464D1A3A483DF2F4B8C29E /* libohos.state_manage.dylib in Frameworks */,
				6A6AE655A0D35C5A5A96C570 /* libcangjie-std-core.dylib in Frameworks */,
				64110DBC2A3784691A650667 /* libcangjie-std-collection.dylib in Frameworks */,
				81EFBC6953478B739E8615E1 /* libuitest.dylib in Frameworks */,
				C24BA9AA50557E2D66700AA7 /* libcangjie-std-unittest.prop_test.dylib in Frameworks */,
				538CCA376794A414038F8F8C /* libcjmp.hilog.dylib in Frameworks */,
				8E157E0915C76DEA3B89624F /* libcangjie-std-fs.dylib in Frameworks */,
				26FEA5CD82227E016D3B8BE2 /* libcangjie-std-sort.dylib in Frameworks */,
				50BA9801D4C1720CF1B75C59 /* libohos_app_cangjie_entry.dylib in Frameworks */,
				55D825D862E1B95A33BF224D /* libohos.hilog.dylib in Frameworks */,
				487D0C51DA4FA97FE104D595 /* libkeels_ios.framework in Frameworks */,
			);
			runOnlyForDeploymentPostprocessing = 0;
		};
/* End PBXFrameworksBuildPhase section */

/* Begin PBXGroup section */
		10AED7C294DB338E8B3B3C8C /* iOS */ = {
			isa = PBXGroup;
			children = (
				E266953D82C727040677E79F /* Foundation.framework */,
				08726B4958031FA64497769A /* XCTest.framework */,
			);
			name = iOS;
			sourceTree = "<group>";
		};
		A6FE2DFB4A12B953C12220D9 /* cjmpUITests */ = {
			isa = PBXGroup;
			children = (
				7C7A8FA1841C5B987731713A /* CjmpUITests.swift */,
			);
			name = cjmpUITests;
			sourceTree = "<group>";
		};
		CEB2D8F92FAB234400865C58 /* Recovered References */ = {
			isa = PBXGroup;
			children = (
				DD6F490799264F01A7D73425 /* libtdjson.dylib */,
			);
			name = "Recovered References";
			sourceTree = "<group>";
		};
		F0AF1AC427D3684F008C55DD = {
			isa = PBXGroup;
			children = (
				3E945BAD2E12513100176E58 /* keels */,
				F0AF1ACF27D3684F008C55DD /* cjmp */,
				F0AF1AEB27D36948008C55DD /* Frameworks */,
				A6FE2DFB4A12B953C12220D9 /* cjmpUITests */,
				CEB2D8F92FAB234400865C58 /* Recovered References */,
				CEB2D8FA2FAB234400865C58 /* cjmp.app */,
				CEB2D8FB2FAB234400865C58 /* cjmpUITests.xctest */,
			);
			sourceTree = "<group>";
		};
		F0AF1ACF27D3684F008C55DD /* cjmp */ = {
			isa = PBXGroup;
			children = (
				89E41E4429F505070004F33E /* EntryEntryAbilityViewController.h */,
				89E41E4329F505070004F33E /* EntryEntryAbilityViewController.m */,
				F0AF1AD027D3684F008C55DD /* AppDelegate.h */,
				F0AF1AD127D3684F008C55DD /* AppDelegate.m */,
				F0AF1ADC27D36856008C55DD /* Assets.xcassets */,
				F0AF1ADE27D36856008C55DD /* LaunchScreen.storyboard */,
				F0AF1AE127D36856008C55DD /* Info.plist */,
				F0AF1AE227D36856008C55DD /* main.m */,
			);
			path = cjmp;
			sourceTree = "<group>";
		};
		F0AF1AEB27D36948008C55DD /* Frameworks */ = {
			isa = PBXGroup;
			children = (
				10AED7C294DB338E8B3B3C8C /* iOS */,
				1980DFC6D79DF4B3726B86B6 /* libohos.ui_resource.dylib */,
				6BB20043E419A8830A9714C5 /* libcangjie-std-collection.concurrent.dylib */,
				E0446C1DB11D79D4FB02FAAD /* libcangjie-runtime.dylib */,
				8F5D87C1AC17E27B207A9E8A /* libcangjie-std-binary.dylib */,
				83BCD45633081C8791E7E0AB /* libohos.web.net_error_list.dylib */,
				FD5E5F7B8215A5A30A7B54AE /* libohos.matrix4.dylib */,
				43C4F8462DC569CC64D3624A /* libcangjie-std-process.dylib */,
				8C1E69D22350B5421D48A06F /* libcangjie-std-net.dylib */,
				F3C373424A4FBD9440A3DF09 /* libcangjie-std-io.dylib */,
				43BA410B356010665A2A7CD6 /* libohos.webview.dylib */,
				C60BAFA4600BDAF3BE6CDE75 /* libcangjie-std-unittest.mock.dylib */,
				C511968AF04177C8921A4ED6 /* libcangjie-std-time.dylib */,
				1219E4ECF0BA3ECE19D7C594 /* libpcre2-8.0.dylib */,
				831AF83A367C2C987BA5E03F /* libcangjie-std-unittest.mock.internal.dylib */,
				22979103D423FB9E11FA73C8 /* libcangjie-std-unicode.dylib */,
				C0FBEE979A6535F6C7DDB876 /* libcjmp.net.connection.dylib */,
				49A4CE696060608029BB7885 /* libhilog.dylib */,
				1FF8CAC160B7C33130528668 /* libcangjie-std-sync.dylib */,
				86E3F86145FCDB4E1752762A /* libohos.bundle_manager.dylib */,
				7247E205536C7A5BCCDC6C11 /* libohos.router.dylib */,
				82FF3E6DED3A6B03444A0AA9 /* libcjmp.callback_invoke.dylib */,
				67AAA51AAAC165004E97FA56 /* libohos.ui_test.dylib */,
				3BF976FD5CA908CDB5F370D2 /* libcangjie-std-runtime.dylib */,
				930ABB9148A11A7F742008A7 /* libcangjie-std-unittest.common.dylib */,
				BDB2ADB123808F5DCB2B56F4 /* libohos.hi_tracemeter.dylib */,
				AADD80435D4883EFD5B1BE8E /* libcjmp.ffi.dylib */,
				7EF2D71AFE5A3A71C68D9789 /* libohos.labels.dylib */,
				D0A5E56986AC344F2498FAB1 /* libcangjie-std-convert.dylib */,
				89E5947D454B4A7B0F739083 /* libcangjie-std-math.dylib */,
				EC15962BAC0B0212DDB62F6F /* libohos.ffi.dylib */,
				AF3EF40E0FF45874A03E0B1E /* libcangjie-std-overflow.dylib */,
				752F92DE0BB8F7D478093F75 /* libcangjie-std-unittest.diff.dylib */,
				D413A0923E97955323AA03AC /* libohos.window.dylib */,
				D082978A616F910E4099F17C /* libohos.ability.dylib */,
				04BE7FA860196E48F889ACE6 /* libohos.component.dylib */,
				30B69DF5D80515F07F3C7E65 /* libcangjie-std-env.dylib */,
				110FEED16F405856E7DB86C4 /* libcommon.dylib */,
				6997DEC1D582347F0BFBBF1B /* libohos.resource_manager.dylib */,
				1559F6685707ECABD6259E46 /* libcangjie-std-unittest.dylib */,
				971AD3AA4EE5EA4674D954EA /* libboundscheck.dylib */,
				A31A52E365E5CA391CA10C4A /* libcangjie-std-argopt.dylib */,
				4C4BF97D76D12BE8BA6BF3A5 /* libcangjie-std-regex.dylib */,
				BA1E86341300F2561FFE6509 /* libohos.eventhub.dylib */,
				8D96264DBE61DCD26D4A5A06 /* libcangjie-std-random.dylib */,
				AE76C8C238E43AE1052FE516 /* libohos.rpc.dylib */,
				420D098891B608F1F514E3FC /* libcjmp.labels.dylib */,
				D84D6C6DBD575EDE787DC851 /* libnet_connection.dylib */,
				DA9FC61A0E878BD241D9D13C /* libjnicjmp.dylib */,
				4C1150B4DD873637299D276F /* libohos.encoding.json.dylib */,
				8B57AFA3854837F13A0C0A95 /* libohos.image.dylib */,
				6D8B190731FC5D6413B17437 /* libcjmp.business_exception.dylib */,
				621C9CF8573CD631C78B83EF /* libohos.base.dylib */,
				869E45679F5CE91E82C98CE5 /* libohos.color_manager.dylib */,
				21A38017C66E280D2338E0F6 /* libohos.state_manage.dylib */,
				6926F23079D6F6FBD4935547 /* libcangjie-std-core.dylib */,
				8FC44169EB0D6AC1E7FEF223 /* libcangjie-std-collection.dylib */,
				462C5129558CDAD565613E34 /* libuitest.dylib */,
				4B159748C7EFC1C473CF9B74 /* libcangjie-std-unittest.prop_test.dylib */,
				4D44520BBD4BE6D824DAA813 /* libcjmp.hilog.dylib */,
				F5DCB05F268B34284A2BFB79 /* libcangjie-std-fs.dylib */,
				ADAA98D099BB97F1A78550E5 /* libcangjie-std-sort.dylib */,
				58980B1DB7770D14719C35F0 /* libohos_app_cangjie_entry.dylib */,
				204CB5A1CA75E646D1F7EFD0 /* libohos.hilog.dylib */,
				17251B8A96662E37F57C7951 /* libkeels_ios.framework */,
			);
			name = Frameworks;
			sourceTree = "<group>";
		};
/* End PBXGroup section */

/* Begin PBXNativeTarget section */
		2F1D98A87C534890478F6C53 /* cjmpUITests */ = {
			isa = PBXNativeTarget;
			buildConfigurationList = BF552A5713266182AC607ED3 /* Build configuration list for PBXNativeTarget "cjmpUITests" */;
			buildPhases = (
				9E922EAC8A02D50F22ECF18B /* Sources */,
				C83BC8FF64DC5B898F67D9CD /* Frameworks */,
				B4CBFA9C8F4FEAA68CCA88C1 /* Resources */,
			);
			buildRules = (
			);
			dependencies = (
				BEC0570102DD0B71C578EF3D /* PBXTargetDependency */,
			);
			name = cjmpUITests;
			productName = cjmpUITests;
			productReference = CEB2D8FB2FAB234400865C58 /* cjmpUITests.xctest */;
			productType = "com.apple.product-type.bundle.ui-testing";
		};
		F0AF1ACC27D3684F008C55DD /* cjmp */ = {
			isa = PBXNativeTarget;
			buildConfigurationList = F0AF1AE627D36856008C55DD /* Build configuration list for PBXNativeTarget "cjmp" */;
			buildPhases = (
				F0AF1AC927D3684F008C55DD /* Sources */,
				F0AF1ACA27D3684F008C55DD /* Frameworks */,
				F0AF1ACB27D3684F008C55DD /* Resources */,
				3E9454492E0E789600176E58 /* Embed Libraries */,
				A1C100000000000000000001 /* Embed CJMP Runtime */,
			);
			buildRules = (
			);
			dependencies = (
			);
			name = cjmp;
			productName = cjmp;
			productReference = CEB2D8FA2FAB234400865C58 /* cjmp.app */;
			productType = "com.apple.product-type.application";
		};
/* End PBXNativeTarget section */

/* Begin PBXProject section */
		F0AF1AC527D3684F008C55DD /* Project object */ = {
			isa = PBXProject;
			attributes = {
				LastUpgradeCheck = 1300;
				TargetAttributes = {
					F0AF1ACC27D3684F008C55DD = {
						CreatedOnToolsVersion = 13.0;
					};
				};
			};
			buildConfigurationList = F0AF1AC827D3684F008C55DD /* Build configuration list for PBXProject "cjmp" */;
			compatibilityVersion = "Xcode 9.3";
			developmentRegion = en;
			hasScannedForEncodings = 0;
			knownRegions = (
				en,
				Base,
			);
			mainGroup = F0AF1AC427D3684F008C55DD;
			productRefGroup = F0AF1AC427D3684F008C55DD;
			projectDirPath = "";
			projectRoot = "";
			targets = (
				F0AF1ACC27D3684F008C55DD /* cjmp */,
				2F1D98A87C534890478F6C53 /* cjmpUITests */,
			);
		};
/* End PBXProject section */

/* Begin PBXResourcesBuildPhase section */
		B4CBFA9C8F4FEAA68CCA88C1 /* Resources */ = {
			isa = PBXResourcesBuildPhase;
			buildActionMask = 2147483647;
			files = (
			);
			runOnlyForDeploymentPostprocessing = 0;
		};
		F0AF1ACB27D3684F008C55DD /* Resources */ = {
			isa = PBXResourcesBuildPhase;
			buildActionMask = 2147483647;
			files = (
				3E945BAE2E12513100176E58 /* keels in Resources */,
				F0AF1AE027D36856008C55DD /* LaunchScreen.storyboard in Resources */,
				F0AF1ADD27D36856008C55DD /* Assets.xcassets in Resources */,
			);
			runOnlyForDeploymentPostprocessing = 0;
		};
/* End PBXResourcesBuildPhase section */

/* Begin PBXShellScriptBuildPhase section */
		A1C100000000000000000001 /* Embed CJMP Runtime */ = {
			isa = PBXShellScriptBuildPhase;
			buildActionMask = 2147483647;
			files = (
			);
			inputFileListPaths = (
			);
			inputPaths = (
			);
			name = "Embed CJMP Runtime";
			outputFileListPaths = (
			);
			outputPaths = (
			);
			runOnlyForDeploymentPostprocessing = 0;
			shellPath = /bin/sh;
			shellScript = "set -euo pipefail\nDEST=\"$TARGET_BUILD_DIR/$FRAMEWORKS_FOLDER_PATH\"\nSRC=\"$PROJECT_DIR/frameworks\"\nmkdir -p \"$DEST\"\nrsync -a \"$SRC/\" \"$DEST/\"\nif [ -n \"${EXPANDED_CODE_SIGN_IDENTITY:-}\" ]; then\n  find \"$DEST\" -maxdepth 1 \\( -name '*.framework' -o -name '*.dylib' \\) -print0 | while IFS= read -r -d '' item; do\n    codesign --force --sign \"$EXPANDED_CODE_SIGN_IDENTITY\" --timestamp=none \"$item\"\n  done\nfi\n";
		};
/* End PBXShellScriptBuildPhase section */

/* Begin PBXSourcesBuildPhase section */
		9E922EAC8A02D50F22ECF18B /* Sources */ = {
			isa = PBXSourcesBuildPhase;
			buildActionMask = 2147483647;
			files = (
				91FDBFE4939A54CE74319772 /* CjmpUITests.swift in Sources */,
			);
			runOnlyForDeploymentPostprocessing = 0;
		};
		F0AF1AC927D3684F008C55DD /* Sources */ = {
			isa = PBXSourcesBuildPhase;
			buildActionMask = 2147483647;
			files = (
				F0AF1AD227D3684F008C55DD /* AppDelegate.m in Sources */,
				89E41E4529F505070004F33E /* EntryEntryAbilityViewController.m in Sources */,
				F0AF1AE327D36856008C55DD /* main.m in Sources */,
			);
			runOnlyForDeploymentPostprocessing = 0;
		};
/* End PBXSourcesBuildPhase section */

/* Begin PBXTargetDependency section */
		BEC0570102DD0B71C578EF3D /* PBXTargetDependency */ = {
			isa = PBXTargetDependency;
			name = cjmp;
			target = F0AF1ACC27D3684F008C55DD /* cjmp */;
			targetProxy = 2A0A2DF8C12DCA827D456743 /* PBXContainerItemProxy */;
		};
/* End PBXTargetDependency section */

/* Begin PBXVariantGroup section */
		F0AF1ADE27D36856008C55DD /* LaunchScreen.storyboard */ = {
			isa = PBXVariantGroup;
			children = (
				F0AF1ADF27D36856008C55DD /* Base */,
			);
			name = LaunchScreen.storyboard;
			sourceTree = "<group>";
		};
/* End PBXVariantGroup section */

/* Begin XCBuildConfiguration section */
		353A9416FECD967BD5C4345E /* Debug */ = {
			isa = XCBuildConfiguration;
			buildSettings = {
				CLANG_ENABLE_OBJC_WEAK = NO;
				CODE_SIGN_IDENTITY = "Apple Development";
				CODE_SIGN_STYLE = Automatic;
				DEVELOPMENT_TEAM = GFKNN7LXAS;
				GENERATE_INFOPLIST_FILE = YES;
				IPHONEOS_DEPLOYMENT_TARGET = 12.0;
				LD_RUNPATH_SEARCH_PATHS = (
					"$(inherited)",
					"@executable_path/Frameworks",
					"@loader_path/Frameworks",
					"@executable_path/../../Frameworks",
				);
				LIBRARY_SEARCH_PATHS = (
					"$(inherited)",
					"$(PROJECT_DIR)/frameworks",
				);
				PRODUCT_BUNDLE_IDENTIFIER = com.example.cjmp.UITests;
				PRODUCT_NAME = "$(TARGET_NAME)";
				SDKROOT = iphoneos;
				SWIFT_VERSION = 5.0;
				TARGETED_DEVICE_FAMILY = "1,2";
				TEST_TARGET_NAME = cjmp;
			};
			name = Debug;
		};
		3D6BFB9AEAD42EB44034E46D /* Release */ = {
			isa = XCBuildConfiguration;
			buildSettings = {
				CLANG_ENABLE_OBJC_WEAK = NO;
				CODE_SIGN_IDENTITY = "Apple Development";
				CODE_SIGN_STYLE = Automatic;
				DEVELOPMENT_TEAM = GFKNN7LXAS;
				GENERATE_INFOPLIST_FILE = YES;
				IPHONEOS_DEPLOYMENT_TARGET = 12.0;
				LD_RUNPATH_SEARCH_PATHS = (
					"$(inherited)",
					"@executable_path/Frameworks",
					"@loader_path/Frameworks",
					"@executable_path/../../Frameworks",
				);
				PRODUCT_BUNDLE_IDENTIFIER = com.example.cjmp.UITests;
				PRODUCT_NAME = "$(TARGET_NAME)";
				SDKROOT = iphoneos;
				SWIFT_VERSION = 5.0;
				TARGETED_DEVICE_FAMILY = "1,2";
				TEST_TARGET_NAME = cjmp;
				VALIDATE_PRODUCT = YES;
			};
			name = Release;
		};
		F0AF1AE427D36856008C55DD /* Debug */ = {
			isa = XCBuildConfiguration;
			buildSettings = {
				ALWAYS_SEARCH_USER_PATHS = NO;
				CLANG_ANALYZER_NONNULL = YES;
				CLANG_ANALYZER_NUMBER_OBJECT_CONVERSION = YES_AGGRESSIVE;
				CLANG_CXX_LANGUAGE_STANDARD = "gnu++17";
				CLANG_CXX_LIBRARY = "libc++";
				CLANG_ENABLE_MODULES = YES;
				CLANG_ENABLE_OBJC_ARC = YES;
				CLANG_ENABLE_OBJC_WEAK = YES;
				CLANG_WARN_BLOCK_CAPTURE_AUTORELEASING = YES;
				CLANG_WARN_BOOL_CONVERSION = YES;
				CLANG_WARN_COMMA = YES;
				CLANG_WARN_CONSTANT_CONVERSION = YES;
				CLANG_WARN_DEPRECATED_OBJC_IMPLEMENTATIONS = YES;
				CLANG_WARN_DIRECT_OBJC_ISA_USAGE = YES_ERROR;
				CLANG_WARN_DOCUMENTATION_COMMENTS = YES;
				CLANG_WARN_EMPTY_BODY = YES;
				CLANG_WARN_ENUM_CONVERSION = YES;
				CLANG_WARN_INFINITE_RECURSION = YES;
				CLANG_WARN_INT_CONVERSION = YES;
				CLANG_WARN_NON_LITERAL_NULL_CONVERSION = YES;
				CLANG_WARN_OBJC_IMPLICIT_RETAIN_SELF = YES;
				CLANG_WARN_OBJC_LITERAL_CONVERSION = YES;
				CLANG_WARN_OBJC_ROOT_CLASS = YES_ERROR;
				CLANG_WARN_QUOTED_INCLUDE_IN_FRAMEWORK_HEADER = YES;
				CLANG_WARN_RANGE_LOOP_ANALYSIS = YES;
				CLANG_WARN_STRICT_PROTOTYPES = YES;
				CLANG_WARN_SUSPICIOUS_MOVE = YES;
				CLANG_WARN_UNGUARDED_AVAILABILITY = YES_AGGRESSIVE;
				CLANG_WARN_UNREACHABLE_CODE = YES;
				CLANG_WARN__DUPLICATE_METHOD_MATCH = YES;
				COPY_PHASE_STRIP = NO;
				DEBUG_INFORMATION_FORMAT = dwarf;
				ENABLE_STRICT_OBJC_MSGSEND = YES;
				ENABLE_TESTABILITY = YES;
				GCC_C_LANGUAGE_STANDARD = gnu11;
				GCC_DYNAMIC_NO_PIC = NO;
				GCC_NO_COMMON_BLOCKS = YES;
				GCC_OPTIMIZATION_LEVEL = 0;
				GCC_PREPROCESSOR_DEFINITIONS = (
					"DEBUG=1",
					"$(inherited)",
				);
				GCC_WARN_64_TO_32_BIT_CONVERSION = YES;
				GCC_WARN_ABOUT_RETURN_TYPE = YES_ERROR;
				GCC_WARN_UNDECLARED_SELECTOR = YES;
				GCC_WARN_UNINITIALIZED_AUTOS = YES_AGGRESSIVE;
				GCC_WARN_UNUSED_FUNCTION = YES;
				GCC_WARN_UNUSED_VARIABLE = YES;
				IPHONEOS_DEPLOYMENT_TARGET = 12.0;
				LIBRARY_SEARCH_PATHS = (
					"$(inherited)",
					"$(PROJECT_DIR)/frameworks",
				);
				MTL_ENABLE_DEBUG_INFO = INCLUDE_SOURCE;
				MTL_FAST_MATH = YES;
				ONLY_ACTIVE_ARCH = YES;
				SDKROOT = iphoneos;
			};
			name = Debug;
		};
		F0AF1AE527D36856008C55DD /* Release */ = {
			isa = XCBuildConfiguration;
			buildSettings = {
				ALWAYS_SEARCH_USER_PATHS = NO;
				CLANG_ANALYZER_NONNULL = YES;
				CLANG_ANALYZER_NUMBER_OBJECT_CONVERSION = YES_AGGRESSIVE;
				CLANG_CXX_LANGUAGE_STANDARD = "gnu++17";
				CLANG_CXX_LIBRARY = "libc++";
				CLANG_ENABLE_MODULES = YES;
				CLANG_ENABLE_OBJC_ARC = YES;
				CLANG_ENABLE_OBJC_WEAK = YES;
				CLANG_WARN_BLOCK_CAPTURE_AUTORELEASING = YES;
				CLANG_WARN_BOOL_CONVERSION = YES;
				CLANG_WARN_COMMA = YES;
				CLANG_WARN_CONSTANT_CONVERSION = YES;
				CLANG_WARN_DEPRECATED_OBJC_IMPLEMENTATIONS = YES;
				CLANG_WARN_DIRECT_OBJC_ISA_USAGE = YES_ERROR;
				CLANG_WARN_DOCUMENTATION_COMMENTS = YES;
				CLANG_WARN_EMPTY_BODY = YES;
				CLANG_WARN_ENUM_CONVERSION = YES;
				CLANG_WARN_INFINITE_RECURSION = YES;
				CLANG_WARN_INT_CONVERSION = YES;
				CLANG_WARN_NON_LITERAL_NULL_CONVERSION = YES;
				CLANG_WARN_OBJC_IMPLICIT_RETAIN_SELF = YES;
				CLANG_WARN_OBJC_LITERAL_CONVERSION = YES;
				CLANG_WARN_OBJC_ROOT_CLASS = YES_ERROR;
				CLANG_WARN_QUOTED_INCLUDE_IN_FRAMEWORK_HEADER = YES;
				CLANG_WARN_RANGE_LOOP_ANALYSIS = YES;
				CLANG_WARN_STRICT_PROTOTYPES = YES;
				CLANG_WARN_SUSPICIOUS_MOVE = YES;
				CLANG_WARN_UNGUARDED_AVAILABILITY = YES_AGGRESSIVE;
				CLANG_WARN_UNREACHABLE_CODE = YES;
				CLANG_WARN__DUPLICATE_METHOD_MATCH = YES;
				COPY_PHASE_STRIP = NO;
				DEBUG_INFORMATION_FORMAT = "dwarf-with-dsym";
				ENABLE_NS_ASSERTIONS = NO;
				ENABLE_STRICT_OBJC_MSGSEND = YES;
				GCC_C_LANGUAGE_STANDARD = gnu11;
				GCC_NO_COMMON_BLOCKS = YES;
				GCC_WARN_64_TO_32_BIT_CONVERSION = YES;
				GCC_WARN_ABOUT_RETURN_TYPE = YES_ERROR;
				GCC_WARN_UNDECLARED_SELECTOR = YES;
				GCC_WARN_UNINITIALIZED_AUTOS = YES_AGGRESSIVE;
				GCC_WARN_UNUSED_FUNCTION = YES;
				GCC_WARN_UNUSED_VARIABLE = YES;
				IPHONEOS_DEPLOYMENT_TARGET = 12.0;
				MTL_ENABLE_DEBUG_INFO = NO;
				MTL_FAST_MATH = YES;
				SDKROOT = iphoneos;
				VALIDATE_PRODUCT = YES;
			};
			name = Release;
		};
		F0AF1AE727D36856008C55DD /* Debug */ = {
			isa = XCBuildConfiguration;
			buildSettings = {
				ARCHS = arm64;
				ASSETCATALOG_COMPILER_APPICON_NAME = AppIcon;
				ASSETCATALOG_COMPILER_GLOBAL_ACCENT_COLOR_NAME = AccentColor;
				ASSETCATALOG_COMPILER_INCLUDE_ALL_APPICON_ASSETS = YES;
				CODE_SIGNING_ALLOWED = YES;
				CODE_SIGNING_REQUIRED = YES;
				CODE_SIGN_IDENTITY = "Apple Development";
				CODE_SIGN_STYLE = Automatic;
				CURRENT_PROJECT_VERSION = 1;
				DEVELOPMENT_TEAM = GFKNN7LXAS;
				ENABLE_BITCODE = NO;
				FRAMEWORK_SEARCH_PATHS = (
					"$(inherited)",
					"$(PROJECT_DIR)/frameworks",
				);
				GENERATE_INFOPLIST_FILE = YES;
				INFOPLIST_FILE = cjmp/Info.plist;
				INFOPLIST_KEY_UIApplicationSupportsIndirectInputEvents = YES;
				INFOPLIST_KEY_UILaunchStoryboardName = LaunchScreen;
				INFOPLIST_KEY_UISupportedInterfaceOrientations_iPad = "UIInterfaceOrientationPortrait UIInterfaceOrientationPortraitUpsideDown UIInterfaceOrientationLandscapeLeft UIInterfaceOrientationLandscapeRight";
				INFOPLIST_KEY_UISupportedInterfaceOrientations_iPhone = "UIInterfaceOrientationPortrait UIInterfaceOrientationLandscapeLeft UIInterfaceOrientationLandscapeRight";
				IPHONEOS_DEPLOYMENT_TARGET = 12.0;
				LD_RUNPATH_SEARCH_PATHS = (
					"$(inherited)",
					"@executable_path/Frameworks",
				);
				LIBRARY_SEARCH_PATHS = (
					"$(inherited)",
					"$(PROJECT_DIR)/frameworks",
				);
				MARKETING_VERSION = 1.0;
				OTHER_LDFLAGS = (
					"$(inherited)",
					"-framework",
					libkeels_ios,
				);
				PRODUCT_BUNDLE_IDENTIFIER = com.example.cjmp;
				PRODUCT_NAME = "$(TARGET_NAME:c99extidentifier)";
				PROVISIONING_PROFILE_SPECIFIER = "";
				SWIFT_EMIT_LOC_STRINGS = YES;
				TARGETED_DEVICE_FAMILY = "1,2";
				USER_HEADER_SEARCH_PATHS = "$(SRCROOT)/frameworks/libkeels_ios.framework/Headers/include";
			};
			name = Debug;
		};
		F0AF1AE827D36856008C55DD /* Release */ = {
			isa = XCBuildConfiguration;
			buildSettings = {
				ARCHS = arm64;
				ASSETCATALOG_COMPILER_APPICON_NAME = AppIcon;
				ASSETCATALOG_COMPILER_GLOBAL_ACCENT_COLOR_NAME = AccentColor;
				ASSETCATALOG_COMPILER_INCLUDE_ALL_APPICON_ASSETS = YES;
				CODE_SIGNING_ALLOWED = YES;
				CODE_SIGNING_REQUIRED = YES;
				CODE_SIGN_IDENTITY = "Apple Development";
				CODE_SIGN_STYLE = Automatic;
				CURRENT_PROJECT_VERSION = 1;
				DEVELOPMENT_TEAM = GFKNN7LXAS;
				ENABLE_BITCODE = NO;
				FRAMEWORK_SEARCH_PATHS = (
					"$(inherited)",
					"$(PROJECT_DIR)/frameworks",
				);
				GENERATE_INFOPLIST_FILE = YES;
				INFOPLIST_FILE = cjmp/Info.plist;
				INFOPLIST_KEY_UIApplicationSupportsIndirectInputEvents = YES;
				INFOPLIST_KEY_UILaunchStoryboardName = LaunchScreen;
				INFOPLIST_KEY_UISupportedInterfaceOrientations_iPad = "UIInterfaceOrientationPortrait UIInterfaceOrientationPortraitUpsideDown UIInterfaceOrientationLandscapeLeft UIInterfaceOrientationLandscapeRight";
				INFOPLIST_KEY_UISupportedInterfaceOrientations_iPhone = "UIInterfaceOrientationPortrait UIInterfaceOrientationLandscapeLeft UIInterfaceOrientationLandscapeRight";
				IPHONEOS_DEPLOYMENT_TARGET = 12.0;
				LD_RUNPATH_SEARCH_PATHS = (
					"$(inherited)",
					"@executable_path/Frameworks",
				);
				LIBRARY_SEARCH_PATHS = (
					"$(inherited)",
					"$(PROJECT_DIR)/frameworks",
				);
				MARKETING_VERSION = 1.0;
				OTHER_LDFLAGS = (
					"$(inherited)",
					"-framework",
					libkeels_ios,
				);
				PRODUCT_BUNDLE_IDENTIFIER = com.example.cjmp;
				PRODUCT_NAME = "$(TARGET_NAME:c99extidentifier)";
				PROVISIONING_PROFILE_SPECIFIER = "";
				SWIFT_EMIT_LOC_STRINGS = YES;
				TARGETED_DEVICE_FAMILY = "1,2";
				USER_HEADER_SEARCH_PATHS = "$(SRCROOT)/frameworks/libkeels_ios.framework/Headers/include";
			};
			name = Release;
		};
/* End XCBuildConfiguration section */

/* Begin XCConfigurationList section */
		BF552A5713266182AC607ED3 /* Build configuration list for PBXNativeTarget "cjmpUITests" */ = {
			isa = XCConfigurationList;
			buildConfigurations = (
				3D6BFB9AEAD42EB44034E46D /* Release */,
				353A9416FECD967BD5C4345E /* Debug */,
			);
			defaultConfigurationIsVisible = 0;
			defaultConfigurationName = Release;
		};
		F0AF1AC827D3684F008C55DD /* Build configuration list for PBXProject "cjmp" */ = {
			isa = XCConfigurationList;
			buildConfigurations = (
				F0AF1AE427D36856008C55DD /* Debug */,
				F0AF1AE527D36856008C55DD /* Release */,
			);
			defaultConfigurationIsVisible = 0;
			defaultConfigurationName = Release;
		};
		F0AF1AE627D36856008C55DD /* Build configuration list for PBXNativeTarget "cjmp" */ = {
			isa = XCConfigurationList;
			buildConfigurations = (
				F0AF1AE727D36856008C55DD /* Debug */,
				F0AF1AE827D36856008C55DD /* Release */,
			);
			defaultConfigurationIsVisible = 0;
			defaultConfigurationName = Release;
		};
/* End XCConfigurationList section */
	};
	rootObject = F0AF1AC527D3684F008C55DD /* Project object */;
}
