// !$*UTF8*$!
{
	archiveVersion = 1;
	classes = {
	};
	objectVersion = 50;
	objects = {

/* Begin PBXBuildFile section */
		00EF7BD0CFC9FB6A11773558 /* libohos.resource_manager.dylib in Frameworks */ = {isa = PBXBuildFile; fileRef = 3812B867BE4D9FE7B7EF3E03 /* libohos.resource_manager.dylib */; };
		01CE4B851E15C297B5538F5B /* libcjmp_ffi.dylib in Embed Libraries */ = {isa = PBXBuildFile; fileRef = CC4C039349883AB3C1A6A190 /* libcjmp_ffi.dylib */; settings = {ATTRIBUTES = (CodeSignOnCopy, RemoveHeadersOnCopy, ); }; };
		03570FB34A6311E1082ED1D1 /* libcangjie-std-sync.dylib in Frameworks */ = {isa = PBXBuildFile; fileRef = 6EE991D7C0AADB55A38F982B /* libcangjie-std-sync.dylib */; };
		04AB1998D06E6990702BEDCD /* libohos.matrix4.dylib in Embed Libraries */ = {isa = PBXBuildFile; fileRef = 65B0294C7BFAB0BC065607AE /* libohos.matrix4.dylib */; settings = {ATTRIBUTES = (CodeSignOnCopy, RemoveHeadersOnCopy, ); }; };
		080CBAEA342FCC12FE0F324F /* libohos.encoding.json.dylib in Embed Libraries */ = {isa = PBXBuildFile; fileRef = ECCE5AB7FD26C6B5A5C5FCE4 /* libohos.encoding.json.dylib */; settings = {ATTRIBUTES = (CodeSignOnCopy, RemoveHeadersOnCopy, ); }; };
		090C7613D2BED01DA9C417BF /* libcangjie-std-core.dylib in Frameworks */ = {isa = PBXBuildFile; fileRef = 3C2A4112F047A214B67FB3F4 /* libcangjie-std-core.dylib */; };
		0C54149FB6C0E9467C3DC3A8 /* libohos.eventhub.dylib in Frameworks */ = {isa = PBXBuildFile; fileRef = 64B5B9B5C427BFD777F6191A /* libohos.eventhub.dylib */; };
		0C97FF8F780B7661AFF5C224 /* libohos.resource_manager.dylib in Embed Libraries */ = {isa = PBXBuildFile; fileRef = 3812B867BE4D9FE7B7EF3E03 /* libohos.resource_manager.dylib */; settings = {ATTRIBUTES = (CodeSignOnCopy, RemoveHeadersOnCopy, ); }; };
		13A250556378CEF07499DDF6 /* libcangjie-std-core.dylib in Embed Libraries */ = {isa = PBXBuildFile; fileRef = 3C2A4112F047A214B67FB3F4 /* libcangjie-std-core.dylib */; settings = {ATTRIBUTES = (CodeSignOnCopy, RemoveHeadersOnCopy, ); }; };
		1597BBA8004F5E354F387AC2 /* libcjmp_ffi.dylib in Frameworks */ = {isa = PBXBuildFile; fileRef = CC4C039349883AB3C1A6A190 /* libcjmp_ffi.dylib */; };
		16FBF393CE8024269E82F82A /* libohos.hi_tracemeter.dylib in Embed Libraries */ = {isa = PBXBuildFile; fileRef = D7FA6D3778DFF34957B91866 /* libohos.hi_tracemeter.dylib */; settings = {ATTRIBUTES = (CodeSignOnCopy, RemoveHeadersOnCopy, ); }; };
		18B06408D9DE81AE6ED81E12 /* libcangjie-std-collection.dylib in Frameworks */ = {isa = PBXBuildFile; fileRef = C4F02D8CA14BAF81F5028AD9 /* libcangjie-std-collection.dylib */; };
		19FE6737B12548DB03BBF60C /* libpcre2-8.0.dylib in Embed Libraries */ = {isa = PBXBuildFile; fileRef = D6675431718735DE2CBD9288 /* libpcre2-8.0.dylib */; settings = {ATTRIBUTES = (CodeSignOnCopy, RemoveHeadersOnCopy, ); }; };
		1AD7A1C71C72D3EB11E68FDC /* libohos.state_manage.dylib in Frameworks */ = {isa = PBXBuildFile; fileRef = 171E5CE71C02A564A41253B6 /* libohos.state_manage.dylib */; };
		1DE00F329A535E75B6107CB1 /* libohos.state_manage.dylib in Embed Libraries */ = {isa = PBXBuildFile; fileRef = 171E5CE71C02A564A41253B6 /* libohos.state_manage.dylib */; settings = {ATTRIBUTES = (CodeSignOnCopy, RemoveHeadersOnCopy, ); }; };
		1EAD289CF259625060CEB0F8 /* libcangjie-std-io.dylib in Frameworks */ = {isa = PBXBuildFile; fileRef = C1F85447688E571092DA9183 /* libcangjie-std-io.dylib */; };
		1FF6DEC9ED8093746BB92D2A /* libcangjie-std-math.dylib in Frameworks */ = {isa = PBXBuildFile; fileRef = FB85B1B0931BAD1257CD0BD8 /* libcangjie-std-math.dylib */; };
		3026AD532D60679B6FD0E7A9 /* libkeels_ios.framework in Embed Libraries */ = {isa = PBXBuildFile; fileRef = 1FFC7433538BE446BDB90EB7 /* libkeels_ios.framework */; settings = {ATTRIBUTES = (CodeSignOnCopy, RemoveHeadersOnCopy, ); }; };
		31FD58D78FD258A9E758D642 /* libohos.encoding.json.dylib in Frameworks */ = {isa = PBXBuildFile; fileRef = ECCE5AB7FD26C6B5A5C5FCE4 /* libohos.encoding.json.dylib */; };
		3974C17E4E808ED64E2FAFEF /* libcangjie-runtime.dylib in Embed Libraries */ = {isa = PBXBuildFile; fileRef = C295A279372C563FC64C459B /* libcangjie-runtime.dylib */; settings = {ATTRIBUTES = (CodeSignOnCopy, RemoveHeadersOnCopy, ); }; };
		3E945BAE2E12513100176E58 /* keels in Resources */ = {isa = PBXBuildFile; fileRef = 3E945BAD2E12513100176E58 /* keels */; };
		4380657760B3AA5FA164C48A /* libohos.ffi.dylib in Embed Libraries */ = {isa = PBXBuildFile; fileRef = 709E824828E89596632BE86E /* libohos.ffi.dylib */; settings = {ATTRIBUTES = (CodeSignOnCopy, RemoveHeadersOnCopy, ); }; };
		4EB9B2F16E8467D0501BA7D6 /* libohos.window.dylib in Frameworks */ = {isa = PBXBuildFile; fileRef = BC62D71CFF4044F9912020C3 /* libohos.window.dylib */; };
		52EEAA8B8DB340C0D05379D1 /* libohos.webview.dylib in Embed Libraries */ = {isa = PBXBuildFile; fileRef = 385D9168D2F9291274D11F09 /* libohos.webview.dylib */; settings = {ATTRIBUTES = (CodeSignOnCopy, RemoveHeadersOnCopy, ); }; };
		59F4E8FCD444A4FD0ACF3228 /* libohos.web.net_error_list.dylib in Frameworks */ = {isa = PBXBuildFile; fileRef = CED12EBD16B1398821AB8D70 /* libohos.web.net_error_list.dylib */; };
		5A197FDC03B427C62D00E05C /* libohos.ability.dylib in Frameworks */ = {isa = PBXBuildFile; fileRef = 16FE101614547D43011A0E80 /* libohos.ability.dylib */; };
		5AB466D6571C7DA944816A86 /* libstdx.serialization.serialization.dylib in Frameworks */ = {isa = PBXBuildFile; fileRef = 59242CF0D0FA71FA4FDA385E /* libstdx.serialization.serialization.dylib */; };
		5FC6431414D1EE07765676C9 /* libcangjie-std-regex.dylib in Embed Libraries */ = {isa = PBXBuildFile; fileRef = 3D6FDD4770EB79E8FC18B18D /* libcangjie-std-regex.dylib */; settings = {ATTRIBUTES = (CodeSignOnCopy, RemoveHeadersOnCopy, ); }; };
		674C3CE204F202E995DFFD38 /* libohos.image.dylib in Embed Libraries */ = {isa = PBXBuildFile; fileRef = 11E502EB295AC94CFEB9AD30 /* libohos.image.dylib */; settings = {ATTRIBUTES = (CodeSignOnCopy, RemoveHeadersOnCopy, ); }; };
		6F6A08D48D35732902D44AB6 /* libcangjie-runtime.dylib in Frameworks */ = {isa = PBXBuildFile; fileRef = C295A279372C563FC64C459B /* libcangjie-runtime.dylib */; };
		72E3BC6C0DE75A6D13608953 /* libohos.labels.dylib in Frameworks */ = {isa = PBXBuildFile; fileRef = 6090EC0763BB292337534B9F /* libohos.labels.dylib */; };
		73B063D79988F1F35B5A47FA /* libboundscheck.dylib in Frameworks */ = {isa = PBXBuildFile; fileRef = 345AB42DEA1EC26EF852D9C4 /* libboundscheck.dylib */; };
		7A95BFEE0E6E9E930CA32AA2 /* libcangjie-std-collection.dylib in Embed Libraries */ = {isa = PBXBuildFile; fileRef = C4F02D8CA14BAF81F5028AD9 /* libcangjie-std-collection.dylib */; settings = {ATTRIBUTES = (CodeSignOnCopy, RemoveHeadersOnCopy, ); }; };
		85367148F26A3580E6B49914 /* libohos.webview.dylib in Frameworks */ = {isa = PBXBuildFile; fileRef = 385D9168D2F9291274D11F09 /* libohos.webview.dylib */; };
		8871A880790FDA1BD22C7C5F /* libohos.hilog.dylib in Frameworks */ = {isa = PBXBuildFile; fileRef = 14EAE140099070191C773764 /* libohos.hilog.dylib */; };
		892A9534F4C265DAAC2CA3B4 /* libcangjie-std-sort.dylib in Frameworks */ = {isa = PBXBuildFile; fileRef = 160B1EDC68F9213098995FCF /* libcangjie-std-sort.dylib */; };
		89E41E4529F505070004F33E /* EntryEntryAbilityViewController.m in Sources */ = {isa = PBXBuildFile; fileRef = 89E41E4329F505070004F33E /* EntryEntryAbilityViewController.m */; };
		8A03290513D069C10ED7A0FB /* libcangjie-std-sync.dylib in Embed Libraries */ = {isa = PBXBuildFile; fileRef = 6EE991D7C0AADB55A38F982B /* libcangjie-std-sync.dylib */; settings = {ATTRIBUTES = (CodeSignOnCopy, RemoveHeadersOnCopy, ); }; };
		8A2200729B060DB81640FEA7 /* libohos.router.dylib in Embed Libraries */ = {isa = PBXBuildFile; fileRef = CCFB3DE6787D54401D52B58D /* libohos.router.dylib */; settings = {ATTRIBUTES = (CodeSignOnCopy, RemoveHeadersOnCopy, ); }; };
		8A45FD70D33B310518F8BA15 /* libohos.base.dylib in Embed Libraries */ = {isa = PBXBuildFile; fileRef = 8CEE35CAAAF503BE12D2CFB9 /* libohos.base.dylib */; settings = {ATTRIBUTES = (CodeSignOnCopy, RemoveHeadersOnCopy, ); }; };
		8AB94A93376E5CDD2B6FCFA7 /* libohos.bundle_manager.dylib in Frameworks */ = {isa = PBXBuildFile; fileRef = 97BA5CC3ACB1BE4E4CBC2E7A /* libohos.bundle_manager.dylib */; };
		8BE1ADBCE731EDFBA6CF90D9 /* libohos.component.dylib in Embed Libraries */ = {isa = PBXBuildFile; fileRef = 3294EA4C3A8E497FA0CD8FE6 /* libohos.component.dylib */; settings = {ATTRIBUTES = (CodeSignOnCopy, RemoveHeadersOnCopy, ); }; };
		8D4B6A3BEBFEF19937E44A68 /* libcangjie-std-time.dylib in Frameworks */ = {isa = PBXBuildFile; fileRef = 30522C2BE14699505304EADD /* libcangjie-std-time.dylib */; };
		8F8700AD949D7F34E32BAE35 /* libcangjie-std-convert.dylib in Embed Libraries */ = {isa = PBXBuildFile; fileRef = 801537E1C9F333B5314D4BAC /* libcangjie-std-convert.dylib */; settings = {ATTRIBUTES = (CodeSignOnCopy, RemoveHeadersOnCopy, ); }; };
		90403023C1460B7C226DD888 /* libohos.image.dylib in Frameworks */ = {isa = PBXBuildFile; fileRef = 11E502EB295AC94CFEB9AD30 /* libohos.image.dylib */; };
		91C6339042384E066D0CD171 /* libpcre2-8.0.dylib in Frameworks */ = {isa = PBXBuildFile; fileRef = D6675431718735DE2CBD9288 /* libpcre2-8.0.dylib */; };
		93F35869F789BD8A8C013DB5 /* libohos.matrix4.dylib in Frameworks */ = {isa = PBXBuildFile; fileRef = 65B0294C7BFAB0BC065607AE /* libohos.matrix4.dylib */; };
		93F35B49E308E90B351426C8 /* libcangjie-std-unicode.dylib in Embed Libraries */ = {isa = PBXBuildFile; fileRef = F91AB6F84B1310B6C93B3D93 /* libcangjie-std-unicode.dylib */; settings = {ATTRIBUTES = (CodeSignOnCopy, RemoveHeadersOnCopy, ); }; };
		95199058BA36C2C39FF13EF0 /* libohos.hilog.dylib in Embed Libraries */ = {isa = PBXBuildFile; fileRef = 14EAE140099070191C773764 /* libohos.hilog.dylib */; settings = {ATTRIBUTES = (CodeSignOnCopy, RemoveHeadersOnCopy, ); }; };
		9A1C762353B322C09FC886AA /* libohos.base.dylib in Frameworks */ = {isa = PBXBuildFile; fileRef = 8CEE35CAAAF503BE12D2CFB9 /* libohos.base.dylib */; };
		9C0E5EDE38C9836F13BAEF1F /* libohos.window.dylib in Embed Libraries */ = {isa = PBXBuildFile; fileRef = BC62D71CFF4044F9912020C3 /* libohos.window.dylib */; settings = {ATTRIBUTES = (CodeSignOnCopy, RemoveHeadersOnCopy, ); }; };
		9C2DC249CBEA5DCC639A948D /* libkeels_ios.framework in Frameworks */ = {isa = PBXBuildFile; fileRef = 1FFC7433538BE446BDB90EB7 /* libkeels_ios.framework */; };
		9D8A5F71D5D03E14E2458C4E /* libohos.color_manager.dylib in Frameworks */ = {isa = PBXBuildFile; fileRef = 7A270A7A0FA8BA369BB53978 /* libohos.color_manager.dylib */; };
		9F7F73BC7B4FF0DBDF78605A /* libohos.bundle_manager.dylib in Embed Libraries */ = {isa = PBXBuildFile; fileRef = 97BA5CC3ACB1BE4E4CBC2E7A /* libohos.bundle_manager.dylib */; settings = {ATTRIBUTES = (CodeSignOnCopy, RemoveHeadersOnCopy, ); }; };
		A10FE90937E917072D8E11EE /* libohos.component.dylib in Frameworks */ = {isa = PBXBuildFile; fileRef = 3294EA4C3A8E497FA0CD8FE6 /* libohos.component.dylib */; };
		A5462ADD45593E0C75BB46A3 /* libohos.rpc.dylib in Frameworks */ = {isa = PBXBuildFile; fileRef = D73F70AAE3593ACF79E9BBC5 /* libohos.rpc.dylib */; };
		A8E9D05C01E606E8419D0134 /* libohos.rpc.dylib in Embed Libraries */ = {isa = PBXBuildFile; fileRef = D73F70AAE3593ACF79E9BBC5 /* libohos.rpc.dylib */; settings = {ATTRIBUTES = (CodeSignOnCopy, RemoveHeadersOnCopy, ); }; };
		A9A45227BDB4EEC5849784F4 /* libohos.ability.dylib in Embed Libraries */ = {isa = PBXBuildFile; fileRef = 16FE101614547D43011A0E80 /* libohos.ability.dylib */; settings = {ATTRIBUTES = (CodeSignOnCopy, RemoveHeadersOnCopy, ); }; };
		ABEF0ECFBBEEA89F869A128E /* libohos.ui_resource.dylib in Frameworks */ = {isa = PBXBuildFile; fileRef = 04B1530E488CFFABA6FC020F /* libohos.ui_resource.dylib */; };
		AC787674100BF14F2DD29C58 /* libcangjie-std-sort.dylib in Embed Libraries */ = {isa = PBXBuildFile; fileRef = 160B1EDC68F9213098995FCF /* libcangjie-std-sort.dylib */; settings = {ATTRIBUTES = (CodeSignOnCopy, RemoveHeadersOnCopy, ); }; };
		B0F2F0F90D13433EF188E598 /* libohos.web.net_error_list.dylib in Embed Libraries */ = {isa = PBXBuildFile; fileRef = CED12EBD16B1398821AB8D70 /* libohos.web.net_error_list.dylib */; settings = {ATTRIBUTES = (CodeSignOnCopy, RemoveHeadersOnCopy, ); }; };
		B11DA5FC9035CFE71D9AAE79 /* libboundscheck.dylib in Embed Libraries */ = {isa = PBXBuildFile; fileRef = 345AB42DEA1EC26EF852D9C4 /* libboundscheck.dylib */; settings = {ATTRIBUTES = (CodeSignOnCopy, RemoveHeadersOnCopy, ); }; };
		B13A5394D78A9A836F87E58D /* libohos.hi_tracemeter.dylib in Frameworks */ = {isa = PBXBuildFile; fileRef = D7FA6D3778DFF34957B91866 /* libohos.hi_tracemeter.dylib */; };
		B64953B7C5FB8EB64DB5571E /* libohos_app_cangjie_entry.dylib in Frameworks */ = {isa = PBXBuildFile; fileRef = B5B916358B414544359531DA /* libohos_app_cangjie_entry.dylib */; };
		B8E44E5E912007A0EFEBFE6B /* libohos.color_manager.dylib in Embed Libraries */ = {isa = PBXBuildFile; fileRef = 7A270A7A0FA8BA369BB53978 /* libohos.color_manager.dylib */; settings = {ATTRIBUTES = (CodeSignOnCopy, RemoveHeadersOnCopy, ); }; };
		B91868582E54776FE1B10AC7 /* libstdx.encoding.json.dylib in Embed Libraries */ = {isa = PBXBuildFile; fileRef = 29D07E2AC5B5D02FA60F085A /* libstdx.encoding.json.dylib */; settings = {ATTRIBUTES = (CodeSignOnCopy, RemoveHeadersOnCopy, ); }; };
		B937A936CD21D70B0C83ACE8 /* libohos.ffi.dylib in Frameworks */ = {isa = PBXBuildFile; fileRef = 709E824828E89596632BE86E /* libohos.ffi.dylib */; };
		BCE761E043453FB666D898C3 /* libcangjie-std-binary.dylib in Frameworks */ = {isa = PBXBuildFile; fileRef = AEBF359994EC2B74AC03492F /* libcangjie-std-binary.dylib */; };
		BD23F683A984A3F7046F1F91 /* libstdx.serialization.serialization.dylib in Embed Libraries */ = {isa = PBXBuildFile; fileRef = 59242CF0D0FA71FA4FDA385E /* libstdx.serialization.serialization.dylib */; settings = {ATTRIBUTES = (CodeSignOnCopy, RemoveHeadersOnCopy, ); }; };
		BEECC5CB8FD433356D9DCE79 /* libcangjie-std-binary.dylib in Embed Libraries */ = {isa = PBXBuildFile; fileRef = AEBF359994EC2B74AC03492F /* libcangjie-std-binary.dylib */; settings = {ATTRIBUTES = (CodeSignOnCopy, RemoveHeadersOnCopy, ); }; };
		CE59A1FD8F90E47C26F51479 /* libcangjie-std-time.dylib in Embed Libraries */ = {isa = PBXBuildFile; fileRef = 30522C2BE14699505304EADD /* libcangjie-std-time.dylib */; settings = {ATTRIBUTES = (CodeSignOnCopy, RemoveHeadersOnCopy, ); }; };
		CF2E14ED232964BBB8975C34 /* libohos_app_cangjie_entry.dylib in Embed Libraries */ = {isa = PBXBuildFile; fileRef = B5B916358B414544359531DA /* libohos_app_cangjie_entry.dylib */; settings = {ATTRIBUTES = (CodeSignOnCopy, RemoveHeadersOnCopy, ); }; };
		D306A25085E73726A54087B5 /* libstdx.encoding.json.dylib in Frameworks */ = {isa = PBXBuildFile; fileRef = 29D07E2AC5B5D02FA60F085A /* libstdx.encoding.json.dylib */; };
		E47D3259F00A2F3727A3890A /* libcangjie-std-regex.dylib in Frameworks */ = {isa = PBXBuildFile; fileRef = 3D6FDD4770EB79E8FC18B18D /* libcangjie-std-regex.dylib */; };
		E6A7E03B26944E7E74CCA8BE /* libcangjie-std-convert.dylib in Frameworks */ = {isa = PBXBuildFile; fileRef = 801537E1C9F333B5314D4BAC /* libcangjie-std-convert.dylib */; };
		E6BBADA69472854C3205143A /* libcangjie-std-math.dylib in Embed Libraries */ = {isa = PBXBuildFile; fileRef = FB85B1B0931BAD1257CD0BD8 /* libcangjie-std-math.dylib */; settings = {ATTRIBUTES = (CodeSignOnCopy, RemoveHeadersOnCopy, ); }; };
		EE032C6706FB10A8489EB80D /* libohos.labels.dylib in Embed Libraries */ = {isa = PBXBuildFile; fileRef = 6090EC0763BB292337534B9F /* libohos.labels.dylib */; settings = {ATTRIBUTES = (CodeSignOnCopy, RemoveHeadersOnCopy, ); }; };
		EF703EDF277BBF0B851F7E8A /* libcangjie-std-io.dylib in Embed Libraries */ = {isa = PBXBuildFile; fileRef = C1F85447688E571092DA9183 /* libcangjie-std-io.dylib */; settings = {ATTRIBUTES = (CodeSignOnCopy, RemoveHeadersOnCopy, ); }; };
		F07F367DDCA551DEEAD3824E /* libohos.router.dylib in Frameworks */ = {isa = PBXBuildFile; fileRef = CCFB3DE6787D54401D52B58D /* libohos.router.dylib */; };
		F0AF1AD227D3684F008C55DD /* AppDelegate.m in Sources */ = {isa = PBXBuildFile; fileRef = F0AF1AD127D3684F008C55DD /* AppDelegate.m */; };
		F0AF1ADD27D36856008C55DD /* Assets.xcassets in Resources */ = {isa = PBXBuildFile; fileRef = F0AF1ADC27D36856008C55DD /* Assets.xcassets */; };
		F0AF1AE027D36856008C55DD /* LaunchScreen.storyboard in Resources */ = {isa = PBXBuildFile; fileRef = F0AF1ADE27D36856008C55DD /* LaunchScreen.storyboard */; };
		F0AF1AE327D36856008C55DD /* main.m in Sources */ = {isa = PBXBuildFile; fileRef = F0AF1AE227D36856008C55DD /* main.m */; };
		F2FAD2404620BFEAC78793B7 /* libohos.ui_resource.dylib in Embed Libraries */ = {isa = PBXBuildFile; fileRef = 04B1530E488CFFABA6FC020F /* libohos.ui_resource.dylib */; settings = {ATTRIBUTES = (CodeSignOnCopy, RemoveHeadersOnCopy, ); }; };
		F85EECEEF81707BE240D910E /* libohos.eventhub.dylib in Embed Libraries */ = {isa = PBXBuildFile; fileRef = 64B5B9B5C427BFD777F6191A /* libohos.eventhub.dylib */; settings = {ATTRIBUTES = (CodeSignOnCopy, RemoveHeadersOnCopy, ); }; };
		F939048BE07C261EA25AF240 /* libcangjie-std-unicode.dylib in Frameworks */ = {isa = PBXBuildFile; fileRef = F91AB6F84B1310B6C93B3D93 /* libcangjie-std-unicode.dylib */; };
/* End PBXBuildFile section */

/* Begin PBXCopyFilesBuildPhase section */
		3E9454492E0E789600176E58 /* Embed Libraries */ = {
			isa = PBXCopyFilesBuildPhase;
			buildActionMask = 2147483647;
			dstPath = "";
			dstSubfolderSpec = 10;
			files = (
				F2FAD2404620BFEAC78793B7 /* libohos.ui_resource.dylib in Embed Libraries */,
				3974C17E4E808ED64E2FAFEF /* libcangjie-runtime.dylib in Embed Libraries */,
				BEECC5CB8FD433356D9DCE79 /* libcangjie-std-binary.dylib in Embed Libraries */,
				B0F2F0F90D13433EF188E598 /* libohos.web.net_error_list.dylib in Embed Libraries */,
				04AB1998D06E6990702BEDCD /* libohos.matrix4.dylib in Embed Libraries */,
				EF703EDF277BBF0B851F7E8A /* libcangjie-std-io.dylib in Embed Libraries */,
				52EEAA8B8DB340C0D05379D1 /* libohos.webview.dylib in Embed Libraries */,
				CE59A1FD8F90E47C26F51479 /* libcangjie-std-time.dylib in Embed Libraries */,
				19FE6737B12548DB03BBF60C /* libpcre2-8.0.dylib in Embed Libraries */,
				93F35B49E308E90B351426C8 /* libcangjie-std-unicode.dylib in Embed Libraries */,
				8A03290513D069C10ED7A0FB /* libcangjie-std-sync.dylib in Embed Libraries */,
				9F7F73BC7B4FF0DBDF78605A /* libohos.bundle_manager.dylib in Embed Libraries */,
				8A2200729B060DB81640FEA7 /* libohos.router.dylib in Embed Libraries */,
				16FBF393CE8024269E82F82A /* libohos.hi_tracemeter.dylib in Embed Libraries */,
				EE032C6706FB10A8489EB80D /* libohos.labels.dylib in Embed Libraries */,
				8F8700AD949D7F34E32BAE35 /* libcangjie-std-convert.dylib in Embed Libraries */,
				E6BBADA69472854C3205143A /* libcangjie-std-math.dylib in Embed Libraries */,
				4380657760B3AA5FA164C48A /* libohos.ffi.dylib in Embed Libraries */,
				9C0E5EDE38C9836F13BAEF1F /* libohos.window.dylib in Embed Libraries */,
				A9A45227BDB4EEC5849784F4 /* libohos.ability.dylib in Embed Libraries */,
				8BE1ADBCE731EDFBA6CF90D9 /* libohos.component.dylib in Embed Libraries */,
				0C97FF8F780B7661AFF5C224 /* libohos.resource_manager.dylib in Embed Libraries */,
				B11DA5FC9035CFE71D9AAE79 /* libboundscheck.dylib in Embed Libraries */,
				5FC6431414D1EE07765676C9 /* libcangjie-std-regex.dylib in Embed Libraries */,
				F85EECEEF81707BE240D910E /* libohos.eventhub.dylib in Embed Libraries */,
				A8E9D05C01E606E8419D0134 /* libohos.rpc.dylib in Embed Libraries */,
				BD23F683A984A3F7046F1F91 /* libstdx.serialization.serialization.dylib in Embed Libraries */,
				080CBAEA342FCC12FE0F324F /* libohos.encoding.json.dylib in Embed Libraries */,
				674C3CE204F202E995DFFD38 /* libohos.image.dylib in Embed Libraries */,
				8A45FD70D33B310518F8BA15 /* libohos.base.dylib in Embed Libraries */,
				B8E44E5E912007A0EFEBFE6B /* libohos.color_manager.dylib in Embed Libraries */,
				1DE00F329A535E75B6107CB1 /* libohos.state_manage.dylib in Embed Libraries */,
				13A250556378CEF07499DDF6 /* libcangjie-std-core.dylib in Embed Libraries */,
				7A95BFEE0E6E9E930CA32AA2 /* libcangjie-std-collection.dylib in Embed Libraries */,
				B91868582E54776FE1B10AC7 /* libstdx.encoding.json.dylib in Embed Libraries */,
				01CE4B851E15C297B5538F5B /* libcjmp_ffi.dylib in Embed Libraries */,
				AC787674100BF14F2DD29C58 /* libcangjie-std-sort.dylib in Embed Libraries */,
				CF2E14ED232964BBB8975C34 /* libohos_app_cangjie_entry.dylib in Embed Libraries */,
				95199058BA36C2C39FF13EF0 /* libohos.hilog.dylib in Embed Libraries */,
				3026AD532D60679B6FD0E7A9 /* libkeels_ios.framework in Embed Libraries */,
			);
			name = "Embed Libraries";
			runOnlyForDeploymentPostprocessing = 0;
		};
/* End PBXCopyFilesBuildPhase section */

/* Begin PBXFileReference section */
		04B1530E488CFFABA6FC020F /* libohos.ui_resource.dylib */ = {isa = PBXFileReference; includeInIndex = 1; lastKnownFileType = "compiled.mach-o.dylib"; name = libohos.ui_resource.dylib; path = frameworks/libohos.ui_resource.dylib; sourceTree = "<group>"; };
		11E502EB295AC94CFEB9AD30 /* libohos.image.dylib */ = {isa = PBXFileReference; includeInIndex = 1; lastKnownFileType = "compiled.mach-o.dylib"; name = libohos.image.dylib; path = frameworks/libohos.image.dylib; sourceTree = "<group>"; };
		14EAE140099070191C773764 /* libohos.hilog.dylib */ = {isa = PBXFileReference; includeInIndex = 1; lastKnownFileType = "compiled.mach-o.dylib"; name = libohos.hilog.dylib; path = frameworks/libohos.hilog.dylib; sourceTree = "<group>"; };
		160B1EDC68F9213098995FCF /* libcangjie-std-sort.dylib */ = {isa = PBXFileReference; includeInIndex = 1; lastKnownFileType = "compiled.mach-o.dylib"; name = "libcangjie-std-sort.dylib"; path = "frameworks/libcangjie-std-sort.dylib"; sourceTree = "<group>"; };
		16FE101614547D43011A0E80 /* libohos.ability.dylib */ = {isa = PBXFileReference; includeInIndex = 1; lastKnownFileType = "compiled.mach-o.dylib"; name = libohos.ability.dylib; path = frameworks/libohos.ability.dylib; sourceTree = "<group>"; };
		171E5CE71C02A564A41253B6 /* libohos.state_manage.dylib */ = {isa = PBXFileReference; includeInIndex = 1; lastKnownFileType = "compiled.mach-o.dylib"; name = libohos.state_manage.dylib; path = frameworks/libohos.state_manage.dylib; sourceTree = "<group>"; };
		1FFC7433538BE446BDB90EB7 /* libkeels_ios.framework */ = {isa = PBXFileReference; lastKnownFileType = wrapper.framework; name = libkeels_ios.framework; path = frameworks/libkeels_ios.framework; sourceTree = "<group>"; };
		29D07E2AC5B5D02FA60F085A /* libstdx.encoding.json.dylib */ = {isa = PBXFileReference; includeInIndex = 1; lastKnownFileType = "compiled.mach-o.dylib"; name = libstdx.encoding.json.dylib; path = frameworks/libstdx.encoding.json.dylib; sourceTree = "<group>"; };
		30522C2BE14699505304EADD /* libcangjie-std-time.dylib */ = {isa = PBXFileReference; includeInIndex = 1; lastKnownFileType = "compiled.mach-o.dylib"; name = "libcangjie-std-time.dylib"; path = "frameworks/libcangjie-std-time.dylib"; sourceTree = "<group>"; };
		3294EA4C3A8E497FA0CD8FE6 /* libohos.component.dylib */ = {isa = PBXFileReference; includeInIndex = 1; lastKnownFileType = "compiled.mach-o.dylib"; name = libohos.component.dylib; path = frameworks/libohos.component.dylib; sourceTree = "<group>"; };
		345AB42DEA1EC26EF852D9C4 /* libboundscheck.dylib */ = {isa = PBXFileReference; includeInIndex = 1; lastKnownFileType = "compiled.mach-o.dylib"; name = libboundscheck.dylib; path = frameworks/libboundscheck.dylib; sourceTree = "<group>"; };
		3812B867BE4D9FE7B7EF3E03 /* libohos.resource_manager.dylib */ = {isa = PBXFileReference; includeInIndex = 1; lastKnownFileType = "compiled.mach-o.dylib"; name = libohos.resource_manager.dylib; path = frameworks/libohos.resource_manager.dylib; sourceTree = "<group>"; };
		385D9168D2F9291274D11F09 /* libohos.webview.dylib */ = {isa = PBXFileReference; includeInIndex = 1; lastKnownFileType = "compiled.mach-o.dylib"; name = libohos.webview.dylib; path = frameworks/libohos.webview.dylib; sourceTree = "<group>"; };
		3C2A4112F047A214B67FB3F4 /* libcangjie-std-core.dylib */ = {isa = PBXFileReference; includeInIndex = 1; lastKnownFileType = "compiled.mach-o.dylib"; name = "libcangjie-std-core.dylib"; path = "frameworks/libcangjie-std-core.dylib"; sourceTree = "<group>"; };
		3D6FDD4770EB79E8FC18B18D /* libcangjie-std-regex.dylib */ = {isa = PBXFileReference; includeInIndex = 1; lastKnownFileType = "compiled.mach-o.dylib"; name = "libcangjie-std-regex.dylib"; path = "frameworks/libcangjie-std-regex.dylib"; sourceTree = "<group>"; };
		3E9454CA2E0E7FBF00176E58 /* cjmp.app */ = {isa = PBXFileReference; explicitFileType = wrapper.application; includeInIndex = 0; name = cjmp.app; path = "build/Debug-iphoneos/cjmp.app"; sourceTree = SOURCE_ROOT; };
		3E945BAD2E12513100176E58 /* keels */ = {isa = PBXFileReference; lastKnownFileType = folder; path = keels; sourceTree = "<group>"; };
		59242CF0D0FA71FA4FDA385E /* libstdx.serialization.serialization.dylib */ = {isa = PBXFileReference; includeInIndex = 1; lastKnownFileType = "compiled.mach-o.dylib"; name = libstdx.serialization.serialization.dylib; path = frameworks/libstdx.serialization.serialization.dylib; sourceTree = "<group>"; };
		6090EC0763BB292337534B9F /* libohos.labels.dylib */ = {isa = PBXFileReference; includeInIndex = 1; lastKnownFileType = "compiled.mach-o.dylib"; name = libohos.labels.dylib; path = frameworks/libohos.labels.dylib; sourceTree = "<group>"; };
		64B5B9B5C427BFD777F6191A /* libohos.eventhub.dylib */ = {isa = PBXFileReference; includeInIndex = 1; lastKnownFileType = "compiled.mach-o.dylib"; name = libohos.eventhub.dylib; path = frameworks/libohos.eventhub.dylib; sourceTree = "<group>"; };
		65B0294C7BFAB0BC065607AE /* libohos.matrix4.dylib */ = {isa = PBXFileReference; includeInIndex = 1; lastKnownFileType = "compiled.mach-o.dylib"; name = libohos.matrix4.dylib; path = frameworks/libohos.matrix4.dylib; sourceTree = "<group>"; };
		6EE991D7C0AADB55A38F982B /* libcangjie-std-sync.dylib */ = {isa = PBXFileReference; includeInIndex = 1; lastKnownFileType = "compiled.mach-o.dylib"; name = "libcangjie-std-sync.dylib"; path = "frameworks/libcangjie-std-sync.dylib"; sourceTree = "<group>"; };
		709E824828E89596632BE86E /* libohos.ffi.dylib */ = {isa = PBXFileReference; includeInIndex = 1; lastKnownFileType = "compiled.mach-o.dylib"; name = libohos.ffi.dylib; path = frameworks/libohos.ffi.dylib; sourceTree = "<group>"; };
		7A270A7A0FA8BA369BB53978 /* libohos.color_manager.dylib */ = {isa = PBXFileReference; includeInIndex = 1; lastKnownFileType = "compiled.mach-o.dylib"; name = libohos.color_manager.dylib; path = frameworks/libohos.color_manager.dylib; sourceTree = "<group>"; };
		801537E1C9F333B5314D4BAC /* libcangjie-std-convert.dylib */ = {isa = PBXFileReference; includeInIndex = 1; lastKnownFileType = "compiled.mach-o.dylib"; name = "libcangjie-std-convert.dylib"; path = "frameworks/libcangjie-std-convert.dylib"; sourceTree = "<group>"; };
		89E41E4329F505070004F33E /* EntryEntryAbilityViewController.m */ = {isa = PBXFileReference; fileEncoding = 4; lastKnownFileType = sourcecode.c.objc; path = EntryEntryAbilityViewController.m; sourceTree = "<group>"; };
		89E41E4429F505070004F33E /* EntryEntryAbilityViewController.h */ = {isa = PBXFileReference; fileEncoding = 4; lastKnownFileType = sourcecode.c.h; path = EntryEntryAbilityViewController.h; sourceTree = "<group>"; };
		8CEE35CAAAF503BE12D2CFB9 /* libohos.base.dylib */ = {isa = PBXFileReference; includeInIndex = 1; lastKnownFileType = "compiled.mach-o.dylib"; name = libohos.base.dylib; path = frameworks/libohos.base.dylib; sourceTree = "<group>"; };
		97BA5CC3ACB1BE4E4CBC2E7A /* libohos.bundle_manager.dylib */ = {isa = PBXFileReference; includeInIndex = 1; lastKnownFileType = "compiled.mach-o.dylib"; name = libohos.bundle_manager.dylib; path = frameworks/libohos.bundle_manager.dylib; sourceTree = "<group>"; };
		AEBF359994EC2B74AC03492F /* libcangjie-std-binary.dylib */ = {isa = PBXFileReference; includeInIndex = 1; lastKnownFileType = "compiled.mach-o.dylib"; name = "libcangjie-std-binary.dylib"; path = "frameworks/libcangjie-std-binary.dylib"; sourceTree = "<group>"; };
		B5B916358B414544359531DA /* libohos_app_cangjie_entry.dylib */ = {isa = PBXFileReference; includeInIndex = 1; lastKnownFileType = "compiled.mach-o.dylib"; name = libohos_app_cangjie_entry.dylib; path = frameworks/libohos_app_cangjie_entry.dylib; sourceTree = "<group>"; };
		BC62D71CFF4044F9912020C3 /* libohos.window.dylib */ = {isa = PBXFileReference; includeInIndex = 1; lastKnownFileType = "compiled.mach-o.dylib"; name = libohos.window.dylib; path = frameworks/libohos.window.dylib; sourceTree = "<group>"; };
		C1F85447688E571092DA9183 /* libcangjie-std-io.dylib */ = {isa = PBXFileReference; includeInIndex = 1; lastKnownFileType = "compiled.mach-o.dylib"; name = "libcangjie-std-io.dylib"; path = "frameworks/libcangjie-std-io.dylib"; sourceTree = "<group>"; };
		C295A279372C563FC64C459B /* libcangjie-runtime.dylib */ = {isa = PBXFileReference; includeInIndex = 1; lastKnownFileType = "compiled.mach-o.dylib"; name = "libcangjie-runtime.dylib"; path = "frameworks/libcangjie-runtime.dylib"; sourceTree = "<group>"; };
		C4F02D8CA14BAF81F5028AD9 /* libcangjie-std-collection.dylib */ = {isa = PBXFileReference; includeInIndex = 1; lastKnownFileType = "compiled.mach-o.dylib"; name = "libcangjie-std-collection.dylib"; path = "frameworks/libcangjie-std-collection.dylib"; sourceTree = "<group>"; };
		CC4C039349883AB3C1A6A190 /* libcjmp_ffi.dylib */ = {isa = PBXFileReference; includeInIndex = 1; lastKnownFileType = "compiled.mach-o.dylib"; name = libcjmp_ffi.dylib; path = frameworks/libcjmp_ffi.dylib; sourceTree = "<group>"; };
		CCFB3DE6787D54401D52B58D /* libohos.router.dylib */ = {isa = PBXFileReference; includeInIndex = 1; lastKnownFileType = "compiled.mach-o.dylib"; name = libohos.router.dylib; path = frameworks/libohos.router.dylib; sourceTree = "<group>"; };
		CED12EBD16B1398821AB8D70 /* libohos.web.net_error_list.dylib */ = {isa = PBXFileReference; includeInIndex = 1; lastKnownFileType = "compiled.mach-o.dylib"; name = libohos.web.net_error_list.dylib; path = frameworks/libohos.web.net_error_list.dylib; sourceTree = "<group>"; };
		D6675431718735DE2CBD9288 /* libpcre2-8.0.dylib */ = {isa = PBXFileReference; includeInIndex = 1; lastKnownFileType = "compiled.mach-o.dylib"; name = "libpcre2-8.0.dylib"; path = "frameworks/libpcre2-8.0.dylib"; sourceTree = "<group>"; };
		D73F70AAE3593ACF79E9BBC5 /* libohos.rpc.dylib */ = {isa = PBXFileReference; includeInIndex = 1; lastKnownFileType = "compiled.mach-o.dylib"; name = libohos.rpc.dylib; path = frameworks/libohos.rpc.dylib; sourceTree = "<group>"; };
		D7FA6D3778DFF34957B91866 /* libohos.hi_tracemeter.dylib */ = {isa = PBXFileReference; includeInIndex = 1; lastKnownFileType = "compiled.mach-o.dylib"; name = libohos.hi_tracemeter.dylib; path = frameworks/libohos.hi_tracemeter.dylib; sourceTree = "<group>"; };
		ECCE5AB7FD26C6B5A5C5FCE4 /* libohos.encoding.json.dylib */ = {isa = PBXFileReference; includeInIndex = 1; lastKnownFileType = "compiled.mach-o.dylib"; name = libohos.encoding.json.dylib; path = frameworks/libohos.encoding.json.dylib; sourceTree = "<group>"; };
		F0AF1AD027D3684F008C55DD /* AppDelegate.h */ = {isa = PBXFileReference; lastKnownFileType = sourcecode.c.h; path = AppDelegate.h; sourceTree = "<group>"; };
		F0AF1AD127D3684F008C55DD /* AppDelegate.m */ = {isa = PBXFileReference; lastKnownFileType = sourcecode.cpp.objcpp; path = AppDelegate.m; sourceTree = "<group>"; };
		F0AF1ADC27D36856008C55DD /* Assets.xcassets */ = {isa = PBXFileReference; lastKnownFileType = folder.assetcatalog; path = Assets.xcassets; sourceTree = "<group>"; };
		F0AF1ADF27D36856008C55DD /* Base */ = {isa = PBXFileReference; lastKnownFileType = file.storyboard; name = Base; path = Base.lproj/LaunchScreen.storyboard; sourceTree = "<group>"; };
		F0AF1AE127D36856008C55DD /* Info.plist */ = {isa = PBXFileReference; lastKnownFileType = text.plist.xml; path = Info.plist; sourceTree = "<group>"; };
		F0AF1AE227D36856008C55DD /* main.m */ = {isa = PBXFileReference; lastKnownFileType = sourcecode.c.objc; path = main.m; sourceTree = "<group>"; };
		F91AB6F84B1310B6C93B3D93 /* libcangjie-std-unicode.dylib */ = {isa = PBXFileReference; includeInIndex = 1; lastKnownFileType = "compiled.mach-o.dylib"; name = "libcangjie-std-unicode.dylib"; path = "frameworks/libcangjie-std-unicode.dylib"; sourceTree = "<group>"; };
		FB85B1B0931BAD1257CD0BD8 /* libcangjie-std-math.dylib */ = {isa = PBXFileReference; includeInIndex = 1; lastKnownFileType = "compiled.mach-o.dylib"; name = "libcangjie-std-math.dylib"; path = "frameworks/libcangjie-std-math.dylib"; sourceTree = "<group>"; };
/* End PBXFileReference section */

/* Begin PBXFrameworksBuildPhase section */
		F0AF1ACA27D3684F008C55DD /* Frameworks */ = {
			isa = PBXFrameworksBuildPhase;
			buildActionMask = 2147483647;
			files = (
				ABEF0ECFBBEEA89F869A128E /* libohos.ui_resource.dylib in Frameworks */,
				6F6A08D48D35732902D44AB6 /* libcangjie-runtime.dylib in Frameworks */,
				BCE761E043453FB666D898C3 /* libcangjie-std-binary.dylib in Frameworks */,
				59F4E8FCD444A4FD0ACF3228 /* libohos.web.net_error_list.dylib in Frameworks */,
				93F35869F789BD8A8C013DB5 /* libohos.matrix4.dylib in Frameworks */,
				1EAD289CF259625060CEB0F8 /* libcangjie-std-io.dylib in Frameworks */,
				85367148F26A3580E6B49914 /* libohos.webview.dylib in Frameworks */,
				8D4B6A3BEBFEF19937E44A68 /* libcangjie-std-time.dylib in Frameworks */,
				91C6339042384E066D0CD171 /* libpcre2-8.0.dylib in Frameworks */,
				F939048BE07C261EA25AF240 /* libcangjie-std-unicode.dylib in Frameworks */,
				03570FB34A6311E1082ED1D1 /* libcangjie-std-sync.dylib in Frameworks */,
				8AB94A93376E5CDD2B6FCFA7 /* libohos.bundle_manager.dylib in Frameworks */,
				F07F367DDCA551DEEAD3824E /* libohos.router.dylib in Frameworks */,
				B13A5394D78A9A836F87E58D /* libohos.hi_tracemeter.dylib in Frameworks */,
				72E3BC6C0DE75A6D13608953 /* libohos.labels.dylib in Frameworks */,
				E6A7E03B26944E7E74CCA8BE /* libcangjie-std-convert.dylib in Frameworks */,
				1FF6DEC9ED8093746BB92D2A /* libcangjie-std-math.dylib in Frameworks */,
				B937A936CD21D70B0C83ACE8 /* libohos.ffi.dylib in Frameworks */,
				4EB9B2F16E8467D0501BA7D6 /* libohos.window.dylib in Frameworks */,
				5A197FDC03B427C62D00E05C /* libohos.ability.dylib in Frameworks */,
				A10FE90937E917072D8E11EE /* libohos.component.dylib in Frameworks */,
				00EF7BD0CFC9FB6A11773558 /* libohos.resource_manager.dylib in Frameworks */,
				73B063D79988F1F35B5A47FA /* libboundscheck.dylib in Frameworks */,
				E47D3259F00A2F3727A3890A /* libcangjie-std-regex.dylib in Frameworks */,
				0C54149FB6C0E9467C3DC3A8 /* libohos.eventhub.dylib in Frameworks */,
				A5462ADD45593E0C75BB46A3 /* libohos.rpc.dylib in Frameworks */,
				5AB466D6571C7DA944816A86 /* libstdx.serialization.serialization.dylib in Frameworks */,
				31FD58D78FD258A9E758D642 /* libohos.encoding.json.dylib in Frameworks */,
				90403023C1460B7C226DD888 /* libohos.image.dylib in Frameworks */,
				9A1C762353B322C09FC886AA /* libohos.base.dylib in Frameworks */,
				9D8A5F71D5D03E14E2458C4E /* libohos.color_manager.dylib in Frameworks */,
				1AD7A1C71C72D3EB11E68FDC /* libohos.state_manage.dylib in Frameworks */,
				090C7613D2BED01DA9C417BF /* libcangjie-std-core.dylib in Frameworks */,
				18B06408D9DE81AE6ED81E12 /* libcangjie-std-collection.dylib in Frameworks */,
				D306A25085E73726A54087B5 /* libstdx.encoding.json.dylib in Frameworks */,
				1597BBA8004F5E354F387AC2 /* libcjmp_ffi.dylib in Frameworks */,
				892A9534F4C265DAAC2CA3B4 /* libcangjie-std-sort.dylib in Frameworks */,
				B64953B7C5FB8EB64DB5571E /* libohos_app_cangjie_entry.dylib in Frameworks */,
				8871A880790FDA1BD22C7C5F /* libohos.hilog.dylib in Frameworks */,
				9C2DC249CBEA5DCC639A948D /* libkeels_ios.framework in Frameworks */,
			);
			runOnlyForDeploymentPostprocessing = 0;
		};
/* End PBXFrameworksBuildPhase section */

/* Begin PBXGroup section */
		F0AF1AC427D3684F008C55DD = {
			isa = PBXGroup;
			children = (
				3E945BAD2E12513100176E58 /* keels */,
				F0AF1ACF27D3684F008C55DD /* cjmp */,
				F0AF1AEB27D36948008C55DD /* Frameworks */,
			);
			sourceTree = "<group>";
		};
		F0AF1ACF27D3684F008C55DD /* cjmp */ = {
			isa = PBXGroup;
			children = (
				89E41E4429F505070004F33E /* EntryEntryAbilityViewController.h */,
				89E41E4329F505070004F33E /* EntryEntryAbilityViewController.m */,
				F0AF1AD027D3684F008C55DD /* AppDelegate.h */,
				F0AF1AD127D3684F008C55DD /* AppDelegate.m */,
				F0AF1ADC27D36856008C55DD /* Assets.xcassets */,
				F0AF1ADE27D36856008C55DD /* LaunchScreen.storyboard */,
				F0AF1AE127D36856008C55DD /* Info.plist */,
				F0AF1AE227D36856008C55DD /* main.m */,
			);
			path = cjmp;
			sourceTree = "<group>";
		};
		F0AF1AEB27D36948008C55DD /* Frameworks */ = {
			isa = PBXGroup;
			children = (
				04B1530E488CFFABA6FC020F /* libohos.ui_resource.dylib */,
				C295A279372C563FC64C459B /* libcangjie-runtime.dylib */,
				AEBF359994EC2B74AC03492F /* libcangjie-std-binary.dylib */,
				CED12EBD16B1398821AB8D70 /* libohos.web.net_error_list.dylib */,
				65B0294C7BFAB0BC065607AE /* libohos.matrix4.dylib */,
				C1F85447688E571092DA9183 /* libcangjie-std-io.dylib */,
				385D9168D2F9291274D11F09 /* libohos.webview.dylib */,
				30522C2BE14699505304EADD /* libcangjie-std-time.dylib */,
				D6675431718735DE2CBD9288 /* libpcre2-8.0.dylib */,
				F91AB6F84B1310B6C93B3D93 /* libcangjie-std-unicode.dylib */,
				6EE991D7C0AADB55A38F982B /* libcangjie-std-sync.dylib */,
				97BA5CC3ACB1BE4E4CBC2E7A /* libohos.bundle_manager.dylib */,
				CCFB3DE6787D54401D52B58D /* libohos.router.dylib */,
				D7FA6D3778DFF34957B91866 /* libohos.hi_tracemeter.dylib */,
				6090EC0763BB292337534B9F /* libohos.labels.dylib */,
				801537E1C9F333B5314D4BAC /* libcangjie-std-convert.dylib */,
				FB85B1B0931BAD1257CD0BD8 /* libcangjie-std-math.dylib */,
				709E824828E89596632BE86E /* libohos.ffi.dylib */,
				BC62D71CFF4044F9912020C3 /* libohos.window.dylib */,
				16FE101614547D43011A0E80 /* libohos.ability.dylib */,
				3294EA4C3A8E497FA0CD8FE6 /* libohos.component.dylib */,
				3812B867BE4D9FE7B7EF3E03 /* libohos.resource_manager.dylib */,
				345AB42DEA1EC26EF852D9C4 /* libboundscheck.dylib */,
				3D6FDD4770EB79E8FC18B18D /* libcangjie-std-regex.dylib */,
				64B5B9B5C427BFD777F6191A /* libohos.eventhub.dylib */,
				D73F70AAE3593ACF79E9BBC5 /* libohos.rpc.dylib */,
				59242CF0D0FA71FA4FDA385E /* libstdx.serialization.serialization.dylib */,
				ECCE5AB7FD26C6B5A5C5FCE4 /* libohos.encoding.json.dylib */,
				11E502EB295AC94CFEB9AD30 /* libohos.image.dylib */,
				8CEE35CAAAF503BE12D2CFB9 /* libohos.base.dylib */,
				7A270A7A0FA8BA369BB53978 /* libohos.color_manager.dylib */,
				171E5CE71C02A564A41253B6 /* libohos.state_manage.dylib */,
				3C2A4112F047A214B67FB3F4 /* libcangjie-std-core.dylib */,
				C4F02D8CA14BAF81F5028AD9 /* libcangjie-std-collection.dylib */,
				29D07E2AC5B5D02FA60F085A /* libstdx.encoding.json.dylib */,
				CC4C039349883AB3C1A6A190 /* libcjmp_ffi.dylib */,
				160B1EDC68F9213098995FCF /* libcangjie-std-sort.dylib */,
				B5B916358B414544359531DA /* libohos_app_cangjie_entry.dylib */,
				14EAE140099070191C773764 /* libohos.hilog.dylib */,
				1FFC7433538BE446BDB90EB7 /* libkeels_ios.framework */,
			);
			name = Frameworks;
			sourceTree = "<group>";
		};
/* End PBXGroup section */

/* Begin PBXNativeTarget section */
		F0AF1ACC27D3684F008C55DD /* cjmp */ = {
			isa = PBXNativeTarget;
			buildConfigurationList = F0AF1AE627D36856008C55DD /* Build configuration list for PBXNativeTarget "cjmp" */;
			buildPhases = (
				F0AF1AC927D3684F008C55DD /* Sources */,
				F0AF1ACA27D3684F008C55DD /* Frameworks */,
				F0AF1ACB27D3684F008C55DD /* Resources */,
				3E9454492E0E789600176E58 /* Embed Libraries */,
			);
			buildRules = (
			);
			dependencies = (
			);
			name = cjmp;
			productName = cjmp;
			productReference = 3E9454CA2E0E7FBF00176E58 /* cjmp.app */;
			productType = "com.apple.product-type.application";
		};
/* End PBXNativeTarget section */

/* Begin PBXProject section */
		F0AF1AC527D3684F008C55DD /* Project object */ = {
			isa = PBXProject;
			attributes = {
				LastUpgradeCheck = 1300;
				TargetAttributes = {
					F0AF1ACC27D3684F008C55DD = {
						CreatedOnToolsVersion = 13.0;
					};
				};
			};
			buildConfigurationList = F0AF1AC827D3684F008C55DD /* Build configuration list for PBXProject "cjmp" */;
			compatibilityVersion = "Xcode 9.3";
			developmentRegion = en;
			hasScannedForEncodings = 0;
			knownRegions = (
				en,
				Base,
			);
			mainGroup = F0AF1AC427D3684F008C55DD;
			productRefGroup = F0AF1AC427D3684F008C55DD;
			projectDirPath = "";
			projectRoot = "";
			targets = (
				F0AF1ACC27D3684F008C55DD /* cjmp */,
			);
		};
/* End PBXProject section */

/* Begin PBXResourcesBuildPhase section */
		F0AF1ACB27D3684F008C55DD /* Resources */ = {
			isa = PBXResourcesBuildPhase;
			buildActionMask = 2147483647;
			files = (
				3E945BAE2E12513100176E58 /* keels in Resources */,
				F0AF1AE027D36856008C55DD /* LaunchScreen.storyboard in Resources */,
				F0AF1ADD27D36856008C55DD /* Assets.xcassets in Resources */,
			);
			runOnlyForDeploymentPostprocessing = 0;
		};
/* End PBXResourcesBuildPhase section */

/* Begin PBXSourcesBuildPhase section */
		F0AF1AC927D3684F008C55DD /* Sources */ = {
			isa = PBXSourcesBuildPhase;
			buildActionMask = 2147483647;
			files = (
				F0AF1AD227D3684F008C55DD /* AppDelegate.m in Sources */,
				89E41E4529F505070004F33E /* EntryEntryAbilityViewController.m in Sources */,
				F0AF1AE327D36856008C55DD /* main.m in Sources */,
			);
			runOnlyForDeploymentPostprocessing = 0;
		};
/* End PBXSourcesBuildPhase section */

/* Begin PBXVariantGroup section */
		F0AF1ADE27D36856008C55DD /* LaunchScreen.storyboard */ = {
			isa = PBXVariantGroup;
			children = (
				F0AF1ADF27D36856008C55DD /* Base */,
			);
			name = LaunchScreen.storyboard;
			sourceTree = "<group>";
		};
/* End PBXVariantGroup section */

/* Begin XCBuildConfiguration section */
		F0AF1AE427D36856008C55DD /* Debug */ = {
			isa = XCBuildConfiguration;
			buildSettings = {
				ALWAYS_SEARCH_USER_PATHS = NO;
				CLANG_ANALYZER_NONNULL = YES;
				CLANG_ANALYZER_NUMBER_OBJECT_CONVERSION = YES_AGGRESSIVE;
				CLANG_CXX_LANGUAGE_STANDARD = "gnu++17";
				CLANG_CXX_LIBRARY = "libc++";
				CLANG_ENABLE_MODULES = YES;
				CLANG_ENABLE_OBJC_ARC = YES;
				CLANG_ENABLE_OBJC_WEAK = YES;
				CLANG_WARN_BLOCK_CAPTURE_AUTORELEASING = YES;
				CLANG_WARN_BOOL_CONVERSION = YES;
				CLANG_WARN_COMMA = YES;
				CLANG_WARN_CONSTANT_CONVERSION = YES;
				CLANG_WARN_DEPRECATED_OBJC_IMPLEMENTATIONS = YES;
				CLANG_WARN_DIRECT_OBJC_ISA_USAGE = YES_ERROR;
				CLANG_WARN_DOCUMENTATION_COMMENTS = YES;
				CLANG_WARN_EMPTY_BODY = YES;
				CLANG_WARN_ENUM_CONVERSION = YES;
				CLANG_WARN_INFINITE_RECURSION = YES;
				CLANG_WARN_INT_CONVERSION = YES;
				CLANG_WARN_NON_LITERAL_NULL_CONVERSION = YES;
				CLANG_WARN_OBJC_IMPLICIT_RETAIN_SELF = YES;
				CLANG_WARN_OBJC_LITERAL_CONVERSION = YES;
				CLANG_WARN_OBJC_ROOT_CLASS = YES_ERROR;
				CLANG_WARN_QUOTED_INCLUDE_IN_FRAMEWORK_HEADER = YES;
				CLANG_WARN_RANGE_LOOP_ANALYSIS = YES;
				CLANG_WARN_STRICT_PROTOTYPES = YES;
				CLANG_WARN_SUSPICIOUS_MOVE = YES;
				CLANG_WARN_UNGUARDED_AVAILABILITY = YES_AGGRESSIVE;
				CLANG_WARN_UNREACHABLE_CODE = YES;
				CLANG_WARN__DUPLICATE_METHOD_MATCH = YES;
				COPY_PHASE_STRIP = NO;
				DEBUG_INFORMATION_FORMAT = dwarf;
				ENABLE_STRICT_OBJC_MSGSEND = YES;
				ENABLE_TESTABILITY = YES;
				GCC_C_LANGUAGE_STANDARD = gnu11;
				GCC_DYNAMIC_NO_PIC = NO;
				GCC_NO_COMMON_BLOCKS = YES;
				GCC_OPTIMIZATION_LEVEL = 0;
				GCC_PREPROCESSOR_DEFINITIONS = (
					"DEBUG=1",
					"$(inherited)",
				);
				GCC_WARN_64_TO_32_BIT_CONVERSION = YES;
				GCC_WARN_ABOUT_RETURN_TYPE = YES_ERROR;
				GCC_WARN_UNDECLARED_SELECTOR = YES;
				GCC_WARN_UNINITIALIZED_AUTOS = YES_AGGRESSIVE;
				GCC_WARN_UNUSED_FUNCTION = YES;
				GCC_WARN_UNUSED_VARIABLE = YES;
				IPHONEOS_DEPLOYMENT_TARGET = 12.0;
				MTL_ENABLE_DEBUG_INFO = INCLUDE_SOURCE;
				MTL_FAST_MATH = YES;
				ONLY_ACTIVE_ARCH = YES;
				SDKROOT = iphoneos;
			};
			name = Debug;
		};
		F0AF1AE527D36856008C55DD /* Release */ = {
			isa = XCBuildConfiguration;
			buildSettings = {
				ALWAYS_SEARCH_USER_PATHS = NO;
				CLANG_ANALYZER_NONNULL = YES;
				CLANG_ANALYZER_NUMBER_OBJECT_CONVERSION = YES_AGGRESSIVE;
				CLANG_CXX_LANGUAGE_STANDARD = "gnu++17";
				CLANG_CXX_LIBRARY = "libc++";
				CLANG_ENABLE_MODULES = YES;
				CLANG_ENABLE_OBJC_ARC = YES;
				CLANG_ENABLE_OBJC_WEAK = YES;
				CLANG_WARN_BLOCK_CAPTURE_AUTORELEASING = YES;
				CLANG_WARN_BOOL_CONVERSION = YES;
				CLANG_WARN_COMMA = YES;
				CLANG_WARN_CONSTANT_CONVERSION = YES;
				CLANG_WARN_DEPRECATED_OBJC_IMPLEMENTATIONS = YES;
				CLANG_WARN_DIRECT_OBJC_ISA_USAGE = YES_ERROR;
				CLANG_WARN_DOCUMENTATION_COMMENTS = YES;
				CLANG_WARN_EMPTY_BODY = YES;
				CLANG_WARN_ENUM_CONVERSION = YES;
				CLANG_WARN_INFINITE_RECURSION = YES;
				CLANG_WARN_INT_CONVERSION = YES;
				CLANG_WARN_NON_LITERAL_NULL_CONVERSION = YES;
				CLANG_WARN_OBJC_IMPLICIT_RETAIN_SELF = YES;
				CLANG_WARN_OBJC_LITERAL_CONVERSION = YES;
				CLANG_WARN_OBJC_ROOT_CLASS = YES_ERROR;
				CLANG_WARN_QUOTED_INCLUDE_IN_FRAMEWORK_HEADER = YES;
				CLANG_WARN_RANGE_LOOP_ANALYSIS = YES;
				CLANG_WARN_STRICT_PROTOTYPES = YES;
				CLANG_WARN_SUSPICIOUS_MOVE = YES;
				CLANG_WARN_UNGUARDED_AVAILABILITY = YES_AGGRESSIVE;
				CLANG_WARN_UNREACHABLE_CODE = YES;
				CLANG_WARN__DUPLICATE_METHOD_MATCH = YES;
				COPY_PHASE_STRIP = NO;
				DEBUG_INFORMATION_FORMAT = "dwarf-with-dsym";
				ENABLE_NS_ASSERTIONS = NO;
				ENABLE_STRICT_OBJC_MSGSEND = YES;
				GCC_C_LANGUAGE_STANDARD = gnu11;
				GCC_NO_COMMON_BLOCKS = YES;
				GCC_WARN_64_TO_32_BIT_CONVERSION = YES;
				GCC_WARN_ABOUT_RETURN_TYPE = YES_ERROR;
				GCC_WARN_UNDECLARED_SELECTOR = YES;
				GCC_WARN_UNINITIALIZED_AUTOS = YES_AGGRESSIVE;
				GCC_WARN_UNUSED_FUNCTION = YES;
				GCC_WARN_UNUSED_VARIABLE = YES;
				IPHONEOS_DEPLOYMENT_TARGET = 12.0;
				MTL_ENABLE_DEBUG_INFO = NO;
				MTL_FAST_MATH = YES;
				SDKROOT = iphoneos;
				VALIDATE_PRODUCT = YES;
			};
			name = Release;
		};
		F0AF1AE727D36856008C55DD /* Debug */ = {
			isa = XCBuildConfiguration;
			buildSettings = {
				ARCHS = arm64;
				ASSETCATALOG_COMPILER_APPICON_NAME = AppIcon;
				ASSETCATALOG_COMPILER_GLOBAL_ACCENT_COLOR_NAME = AccentColor;
				ASSETCATALOG_COMPILER_INCLUDE_ALL_APPICON_ASSETS = YES;
				CODE_SIGNING_ALLOWED = YES;
				CODE_SIGNING_REQUIRED = YES;
				CODE_SIGN_IDENTITY = "Apple Development";
				CODE_SIGN_STYLE = Automatic;
				CURRENT_PROJECT_VERSION = 1;
				DEVELOPMENT_TEAM = GFKNN7LXAS;
				ENABLE_BITCODE = NO;
				FRAMEWORK_SEARCH_PATHS = (
					"$(inherited)",
					"$(PROJECT_DIR)/frameworks",
				);
				GENERATE_INFOPLIST_FILE = YES;
				INFOPLIST_FILE = cjmp/Info.plist;
				INFOPLIST_KEY_UIApplicationSupportsIndirectInputEvents = YES;
				INFOPLIST_KEY_UILaunchStoryboardName = LaunchScreen;
				INFOPLIST_KEY_UISupportedInterfaceOrientations_iPad = "UIInterfaceOrientationPortrait UIInterfaceOrientationPortraitUpsideDown UIInterfaceOrientationLandscapeLeft UIInterfaceOrientationLandscapeRight";
				INFOPLIST_KEY_UISupportedInterfaceOrientations_iPhone = "UIInterfaceOrientationPortrait UIInterfaceOrientationLandscapeLeft UIInterfaceOrientationLandscapeRight";
				IPHONEOS_DEPLOYMENT_TARGET = 12.0;
				LD_RUNPATH_SEARCH_PATHS = (
					"$(inherited)",
					"@executable_path/Frameworks",
				);
				LIBRARY_SEARCH_PATHS = (
					"$(inherited)",
					"$(PROJECT_DIR)/frameworks",
				);
				MARKETING_VERSION = 1.0;
				PRODUCT_BUNDLE_IDENTIFIER = com.example.cjmp;
				PRODUCT_NAME = "$(TARGET_NAME:c99extidentifier)";
				PROVISIONING_PROFILE_SPECIFIER = "";
				SWIFT_EMIT_LOC_STRINGS = YES;
				TARGETED_DEVICE_FAMILY = "1,2";
				USER_HEADER_SEARCH_PATHS = "$(SRCROOT)/frameworks/libkeels_ios.framework/Headers/include";
			};
			name = Debug;
		};
		F0AF1AE827D36856008C55DD /* Release */ = {
			isa = XCBuildConfiguration;
			buildSettings = {
				ARCHS = arm64;
				ASSETCATALOG_COMPILER_APPICON_NAME = AppIcon;
				ASSETCATALOG_COMPILER_GLOBAL_ACCENT_COLOR_NAME = AccentColor;
				ASSETCATALOG_COMPILER_INCLUDE_ALL_APPICON_ASSETS = YES;
				CODE_SIGNING_ALLOWED = YES;
				CODE_SIGNING_REQUIRED = YES;
				CODE_SIGN_IDENTITY = "Apple Development";
				CODE_SIGN_STYLE = Automatic;
				CURRENT_PROJECT_VERSION = 1;
				DEVELOPMENT_TEAM = GFKNN7LXAS;
				ENABLE_BITCODE = NO;
				FRAMEWORK_SEARCH_PATHS = (
					"$(inherited)",
					"$(PROJECT_DIR)/frameworks",
				);
				GENERATE_INFOPLIST_FILE = YES;
				INFOPLIST_FILE = cjmp/Info.plist;
				INFOPLIST_KEY_UIApplicationSupportsIndirectInputEvents = YES;
				INFOPLIST_KEY_UILaunchStoryboardName = LaunchScreen;
				INFOPLIST_KEY_UISupportedInterfaceOrientations_iPad = "UIInterfaceOrientationPortrait UIInterfaceOrientationPortraitUpsideDown UIInterfaceOrientationLandscapeLeft UIInterfaceOrientationLandscapeRight";
				INFOPLIST_KEY_UISupportedInterfaceOrientations_iPhone = "UIInterfaceOrientationPortrait UIInterfaceOrientationLandscapeLeft UIInterfaceOrientationLandscapeRight";
				IPHONEOS_DEPLOYMENT_TARGET = 12.0;
				LD_RUNPATH_SEARCH_PATHS = (
					"$(inherited)",
					"@executable_path/Frameworks",
				);
				LIBRARY_SEARCH_PATHS = (
					"$(inherited)",
					"$(PROJECT_DIR)/frameworks",
				);
				MARKETING_VERSION = 1.0;
				PRODUCT_BUNDLE_IDENTIFIER = com.example.cjmp;
				PRODUCT_NAME = "$(TARGET_NAME:c99extidentifier)";
				PROVISIONING_PROFILE_SPECIFIER = "";
				SWIFT_EMIT_LOC_STRINGS = YES;
				TARGETED_DEVICE_FAMILY = "1,2";
				USER_HEADER_SEARCH_PATHS = "$(SRCROOT)/frameworks/libkeels_ios.framework/Headers/include";
			};
			name = Release;
		};
/* End XCBuildConfiguration section */

/* Begin XCConfigurationList section */
		F0AF1AC827D3684F008C55DD /* Build configuration list for PBXProject "cjmp" */ = {
			isa = XCConfigurationList;
			buildConfigurations = (
				F0AF1AE427D36856008C55DD /* Debug */,
				F0AF1AE527D36856008C55DD /* Release */,
			);
			defaultConfigurationIsVisible = 0;
			defaultConfigurationName = Release;
		};
		F0AF1AE627D36856008C55DD /* Build configuration list for PBXNativeTarget "cjmp" */ = {
			isa = XCConfigurationList;
			buildConfigurations = (
				F0AF1AE727D36856008C55DD /* Debug */,
				F0AF1AE827D36856008C55DD /* Release */,
			);
			defaultConfigurationIsVisible = 0;
			defaultConfigurationName = Release;
		};
/* End XCConfigurationList section */
	};
	rootObject = F0AF1AC527D3684F008C55DD /* Project object */;
}
